// !$*UTF8*$!
{
	archiveVersion = 1;
	classes = {
	};
	objectVersion = 46;
	objects = {

/* Begin PBXBuildFile section */
		033E18BB1951979600FEDA8D /* Batman@2x.png in Resources */ = {isa = PBXBuildFile; fileRef = 033E18B31951979600FEDA8D /* Batman@2x.png */; };
		033E18BC1951979600FEDA8D /* Doraemon@2x.png in Resources */ = {isa = PBXBuildFile; fileRef = 033E18B41951979600FEDA8D /* Doraemon@2x.png */; };
		033E18BD1951979600FEDA8D /* Mario@2x.png in Resources */ = {isa = PBXBuildFile; fileRef = 033E18B51951979600FEDA8D /* Mario@2x.png */; };
		033E18BE1951979600FEDA8D /* Nobi Nobita@2x.png in Resources */ = {isa = PBXBuildFile; fileRef = 033E18B61951979600FEDA8D /* Nobi Nobita@2x.png */; };
		033E18BF1951979600FEDA8D /* SlotMachineBackground@2x.png in Resources */ = {isa = PBXBuildFile; fileRef = 033E18B71951979600FEDA8D /* SlotMachineBackground@2x.png */; };
		033E18C01951979600FEDA8D /* SlotMachineCover@2x.png in Resources */ = {isa = PBXBuildFile; fileRef = 033E18B81951979600FEDA8D /* SlotMachineCover@2x.png */; };
		033E18C11951979600FEDA8D /* StartBtn_H@2x.png in Resources */ = {isa = PBXBuildFile; fileRef = 033E18B91951979600FEDA8D /* StartBtn_H@2x.png */; };
		033E18C21951979600FEDA8D /* StartBtn_N@2x.png in Resources */ = {isa = PBXBuildFile; fileRef = 033E18BA1951979600FEDA8D /* StartBtn_N@2x.png */; };
		033E18C6195199F300FEDA8D /* ViewPlayViewController.m in Sources */ = {isa = PBXBuildFile; fileRef = 033E18C5195199F300FEDA8D /* ViewPlayViewController.m */; };
		033E18C819519A2A00FEDA8D /* QuartzCore.framework in Frameworks */ = {isa = PBXBuildFile; fileRef = 033E18C719519A2A00FEDA8D /* QuartzCore.framework */; };
		033E18CD19519A8800FEDA8D /* ZCSlotMachine.m in Sources */ = {isa = PBXBuildFile; fileRef = 033E18CC19519A8800FEDA8D /* ZCSlotMachine.m */; };
		033E18D11951B6CF00FEDA8D /* API.m in Sources */ = {isa = PBXBuildFile; fileRef = 033E18D01951B6CF00FEDA8D /* API.m */; };
		43B335621950BD5F000E7442 /* Foundation.framework in Frameworks */ = {isa = PBXBuildFile; fileRef = 43B335611950BD5F000E7442 /* Foundation.framework */; };
		43B335641950BD5F000E7442 /* CoreGraphics.framework in Frameworks */ = {isa = PBXBuildFile; fileRef = 43B335631950BD5F000E7442 /* CoreGraphics.framework */; };
		43B335661950BD5F000E7442 /* UIKit.framework in Frameworks */ = {isa = PBXBuildFile; fileRef = 43B335651950BD5F000E7442 /* UIKit.framework */; };
		43B3356C1950BD5F000E7442 /* InfoPlist.strings in Resources */ = {isa = PBXBuildFile; fileRef = 43B3356A1950BD5F000E7442 /* InfoPlist.strings */; };
		43B3356E1950BD5F000E7442 /* main.m in Sources */ = {isa = PBXBuildFile; fileRef = 43B3356D1950BD5F000E7442 /* main.m */; };
		43B335721950BD5F000E7442 /* WCAppDelegate.m in Sources */ = {isa = PBXBuildFile; fileRef = 43B335711950BD5F000E7442 /* WCAppDelegate.m */; };
		43B335751950BD5F000E7442 /* Main_iPhone.storyboard in Resources */ = {isa = PBXBuildFile; fileRef = 43B335731950BD5F000E7442 /* Main_iPhone.storyboard */; };
		43B335781950BD5F000E7442 /* Main_iPad.storyboard in Resources */ = {isa = PBXBuildFile; fileRef = 43B335761950BD5F000E7442 /* Main_iPad.storyboard */; };
		43B3357B1950BD5F000E7442 /* WCViewController.m in Sources */ = {isa = PBXBuildFile; fileRef = 43B3357A1950BD5F000E7442 /* WCViewController.m */; };
		43B3357D1950BD5F000E7442 /* Images.xcassets in Resources */ = {isa = PBXBuildFile; fileRef = 43B3357C1950BD5F000E7442 /* Images.xcassets */; };
		43B335841950BD60000E7442 /* XCTest.framework in Frameworks */ = {isa = PBXBuildFile; fileRef = 43B335831950BD60000E7442 /* XCTest.framework */; };
		43B335851950BD60000E7442 /* Foundation.framework in Frameworks */ = {isa = PBXBuildFile; fileRef = 43B335611950BD5F000E7442 /* Foundation.framework */; };
		43B335861950BD60000E7442 /* UIKit.framework in Frameworks */ = {isa = PBXBuildFile; fileRef = 43B335651950BD5F000E7442 /* UIKit.framework */; };
		43B3358E1950BD60000E7442 /* InfoPlist.strings in Resources */ = {isa = PBXBuildFile; fileRef = 43B3358C1950BD60000E7442 /* InfoPlist.strings */; };
		43B335901950BD60000E7442 /* WCLikeWhoTests.m in Sources */ = {isa = PBXBuildFile; fileRef = 43B3358F1950BD60000E7442 /* WCLikeWhoTests.m */; };
		43B3359B1950BF16000E7442 /* neymar.jpg in Resources */ = {isa = PBXBuildFile; fileRef = 43B3359A1950BF16000E7442 /* neymar.jpg */; };
		43B3359F1950C201000E7442 /* ViewShare.m in Sources */ = {isa = PBXBuildFile; fileRef = 43B3359E1950C201000E7442 /* ViewShare.m */; };
/* End PBXBuildFile section */

/* Begin PBXContainerItemProxy section */
		43B335871950BD60000E7442 /* PBXContainerItemProxy */ = {
			isa = PBXContainerItemProxy;
			containerPortal = 43B335561950BD5F000E7442 /* Project object */;
			proxyType = 1;
			remoteGlobalIDString = 43B3355D1950BD5F000E7442;
			remoteInfo = WCLikeWho;
		};
/* End PBXContainerItemProxy section */

/* Begin PBXFileReference section */
		033E18B31951979600FEDA8D /* Batman@2x.png */ = {isa = PBXFileReference; lastKnownFileType = image.png; path = "Batman@2x.png"; sourceTree = "<group>"; };
		033E18B41951979600FEDA8D /* Doraemon@2x.png */ = {isa = PBXFileReference; lastKnownFileType = image.png; path = "Doraemon@2x.png"; sourceTree = "<group>"; };
		033E18B51951979600FEDA8D /* Mario@2x.png */ = {isa = PBXFileReference; lastKnownFileType = image.png; path = "Mario@2x.png"; sourceTree = "<group>"; };
		033E18B61951979600FEDA8D /* Nobi Nobita@2x.png */ = {isa = PBXFileReference; lastKnownFileType = image.png; path = "Nobi Nobita@2x.png"; sourceTree = "<group>"; };
		033E18B71951979600FEDA8D /* SlotMachineBackground@2x.png */ = {isa = PBXFileReference; lastKnownFileType = image.png; path = "SlotMachineBackground@2x.png"; sourceTree = "<group>"; };
		033E18B81951979600FEDA8D /* SlotMachineCover@2x.png */ = {isa = PBXFileReference; lastKnownFileType = image.png; path = "SlotMachineCover@2x.png"; sourceTree = "<group>"; };
		033E18B91951979600FEDA8D /* StartBtn_H@2x.png */ = {isa = PBXFileReference; lastKnownFileType = image.png; path = "StartBtn_H@2x.png"; sourceTree = "<group>"; };
		033E18BA1951979600FEDA8D /* StartBtn_N@2x.png */ = {isa = PBXFileReference; lastKnownFileType = image.png; path = "StartBtn_N@2x.png"; sourceTree = "<group>"; };
		033E18C4195199F300FEDA8D /* ViewPlayViewController.h */ = {isa = PBXFileReference; fileEncoding = 4; lastKnownFileType = sourcecode.c.h; path = ViewPlayViewController.h; sourceTree = "<group>"; };
		033E18C5195199F300FEDA8D /* ViewPlayViewController.m */ = {isa = PBXFileReference; fileEncoding = 4; lastKnownFileType = sourcecode.c.objc; path = ViewPlayViewController.m; sourceTree = "<group>"; };
		033E18C719519A2A00FEDA8D /* QuartzCore.framework */ = {isa = PBXFileReference; lastKnownFileType = wrapper.framework; name = QuartzCore.framework; path = System/Library/Frameworks/QuartzCore.framework; sourceTree = SDKROOT; };
		033E18CB19519A8800FEDA8D /* ZCSlotMachine.h */ = {isa = PBXFileReference; fileEncoding = 4; lastKnownFileType = sourcecode.c.h; path = ZCSlotMachine.h; sourceTree = "<group>"; };
		033E18CC19519A8800FEDA8D /* ZCSlotMachine.m */ = {isa = PBXFileReference; fileEncoding = 4; lastKnownFileType = sourcecode.c.objc; path = ZCSlotMachine.m; sourceTree = "<group>"; };
		033E18CF1951B6CF00FEDA8D /* API.h */ = {isa = PBXFileReference; fileEncoding = 4; lastKnownFileType = sourcecode.c.h; path = API.h; sourceTree = "<group>"; };
		033E18D01951B6CF00FEDA8D /* API.m */ = {isa = PBXFileReference; fileEncoding = 4; lastKnownFileType = sourcecode.c.objc; path = API.m; sourceTree = "<group>"; };
		43B3355E1950BD5F000E7442 /* WCLikeWho.app */ = {isa = PBXFileReference; explicitFileType = wrapper.application; includeInIndex = 0; path = WCLikeWho.app; sourceTree = BUILT_PRODUCTS_DIR; };
		43B335611950BD5F000E7442 /* Foundation.framework */ = {isa = PBXFileReference; lastKnownFileType = wrapper.framework; name = Foundation.framework; path = System/Library/Frameworks/Foundation.framework; sourceTree = SDKROOT; };
		43B335631950BD5F000E7442 /* CoreGraphics.framework */ = {isa = PBXFileReference; lastKnownFileType = wrapper.framework; name = CoreGraphics.framework; path = System/Library/Frameworks/CoreGraphics.framework; sourceTree = SDKROOT; };
		43B335651950BD5F000E7442 /* UIKit.framework */ = {isa = PBXFileReference; lastKnownFileType = wrapper.framework; name = UIKit.framework; path = System/Library/Frameworks/UIKit.framework; sourceTree = SDKROOT; };
		43B335691950BD5F000E7442 /* WCLikeWho-Info.plist */ = {isa = PBXFileReference; lastKnownFileType = text.plist.xml; path = "WCLikeWho-Info.plist"; sourceTree = "<group>"; };
		43B3356B1950BD5F000E7442 /* en */ = {isa = PBXFileReference; lastKnownFileType = text.plist.strings; name = en; path = en.lproj/InfoPlist.strings; sourceTree = "<group>"; };
		43B3356D1950BD5F000E7442 /* main.m */ = {isa = PBXFileReference; lastKnownFileType = sourcecode.c.objc; path = main.m; sourceTree = "<group>"; };
		43B3356F1950BD5F000E7442 /* WCLikeWho-Prefix.pch */ = {isa = PBXFileReference; lastKnownFileType = sourcecode.c.h; path = "WCLikeWho-Prefix.pch"; sourceTree = "<group>"; };
		43B335701950BD5F000E7442 /* WCAppDelegate.h */ = {isa = PBXFileReference; lastKnownFileType = sourcecode.c.h; path = WCAppDelegate.h; sourceTree = "<group>"; };
		43B335711950BD5F000E7442 /* WCAppDelegate.m */ = {isa = PBXFileReference; lastKnownFileType = sourcecode.c.objc; path = WCAppDelegate.m; sourceTree = "<group>"; };
		43B335741950BD5F000E7442 /* Base */ = {isa = PBXFileReference; lastKnownFileType = file.storyboard; name = Base; path = Base.lproj/Main_iPhone.storyboard; sourceTree = "<group>"; };
		43B335771950BD5F000E7442 /* Base */ = {isa = PBXFileReference; lastKnownFileType = file.storyboard; name = Base; path = Base.lproj/Main_iPad.storyboard; sourceTree = "<group>"; };
		43B335791950BD5F000E7442 /* WCViewController.h */ = {isa = PBXFileReference; lastKnownFileType = sourcecode.c.h; path = WCViewController.h; sourceTree = "<group>"; };
		43B3357A1950BD5F000E7442 /* WCViewController.m */ = {isa = PBXFileReference; lastKnownFileType = sourcecode.c.objc; path = WCViewController.m; sourceTree = "<group>"; };
		43B3357C1950BD5F000E7442 /* Images.xcassets */ = {isa = PBXFileReference; lastKnownFileType = folder.assetcatalog; path = Images.xcassets; sourceTree = "<group>"; };
		43B335821950BD60000E7442 /* WCLikeWhoTests.xctest */ = {isa = PBXFileReference; explicitFileType = wrapper.cfbundle; includeInIndex = 0; path = WCLikeWhoTests.xctest; sourceTree = BUILT_PRODUCTS_DIR; };
		43B335831950BD60000E7442 /* XCTest.framework */ = {isa = PBXFileReference; lastKnownFileType = wrapper.framework; name = XCTest.framework; path = Library/Frameworks/XCTest.framework; sourceTree = DEVELOPER_DIR; };
		43B3358B1950BD60000E7442 /* WCLikeWhoTests-Info.plist */ = {isa = PBXFileReference; lastKnownFileType = text.plist.xml; path = "WCLikeWhoTests-Info.plist"; sourceTree = "<group>"; };
		43B3358D1950BD60000E7442 /* en */ = {isa = PBXFileReference; lastKnownFileType = text.plist.strings; name = en; path = en.lproj/InfoPlist.strings; sourceTree = "<group>"; };
		43B3358F1950BD60000E7442 /* WCLikeWhoTests.m */ = {isa = PBXFileReference; lastKnownFileType = sourcecode.c.objc; path = WCLikeWhoTests.m; sourceTree = "<group>"; };
		43B3359A1950BF16000E7442 /* neymar.jpg */ = {isa = PBXFileReference; lastKnownFileType = image.jpeg; path = neymar.jpg; sourceTree = "<group>"; };
		43B3359D1950C201000E7442 /* ViewShare.h */ = {isa = PBXFileReference; fileEncoding = 4; lastKnownFileType = sourcecode.c.h; path = ViewShare.h; sourceTree = "<group>"; };
		43B3359E1950C201000E7442 /* ViewShare.m */ = {isa = PBXFileReference; fileEncoding = 4; lastKnownFileType = sourcecode.c.objc; path = ViewShare.m; sourceTree = "<group>"; };
/* End PBXFileReference section */

/* Begin PBXFrameworksBuildPhase section */
		43B3355B1950BD5F000E7442 /* Frameworks */ = {
			isa = PBXFrameworksBuildPhase;
			buildActionMask = 2147483647;
			files = (
				033E18C819519A2A00FEDA8D /* QuartzCore.framework in Frameworks */,
				43B335641950BD5F000E7442 /* CoreGraphics.framework in Frameworks */,
				43B335661950BD5F000E7442 /* UIKit.framework in Frameworks */,
				43B335621950BD5F000E7442 /* Foundation.framework in Frameworks */,
			);
			runOnlyForDeploymentPostprocessing = 0;
		};
		43B3357F1950BD60000E7442 /* Frameworks */ = {
			isa = PBXFrameworksBuildPhase;
			buildActionMask = 2147483647;
			files = (
				43B335841950BD60000E7442 /* XCTest.framework in Frameworks */,
				43B335861950BD60000E7442 /* UIKit.framework in Frameworks */,
				43B335851950BD60000E7442 /* Foundation.framework in Frameworks */,
			);
			runOnlyForDeploymentPostprocessing = 0;
		};
/* End PBXFrameworksBuildPhase section */

/* Begin PBXGroup section */
		033E18C31951998500FEDA8D /* ViewPlay */ = {
			isa = PBXGroup;
			children = (
				033E18C4195199F300FEDA8D /* ViewPlayViewController.h */,
				033E18C5195199F300FEDA8D /* ViewPlayViewController.m */,
			);
			path = ViewPlay;
			sourceTree = "<group>";
		};
		033E18C919519A8800FEDA8D /* libs */ = {
			isa = PBXGroup;
			children = (
				033E18CA19519A8800FEDA8D /* ZCSlotMachine */,
			);
			path = libs;
			sourceTree = "<group>";
		};
		033E18CA19519A8800FEDA8D /* ZCSlotMachine */ = {
			isa = PBXGroup;
			children = (
				033E18CB19519A8800FEDA8D /* ZCSlotMachine.h */,
				033E18CC19519A8800FEDA8D /* ZCSlotMachine.m */,
			);
			path = ZCSlotMachine;
			sourceTree = "<group>";
		};
		033E18CE1951B6CF00FEDA8D /* API */ = {
			isa = PBXGroup;
			children = (
				033E18CF1951B6CF00FEDA8D /* API.h */,
				033E18D01951B6CF00FEDA8D /* API.m */,
			);
			path = API;
			sourceTree = "<group>";
		};
		43B335551950BD5F000E7442 = {
			isa = PBXGroup;
			children = (
				43B335671950BD5F000E7442 /* WCLikeWho */,
				43B335891950BD60000E7442 /* WCLikeWhoTests */,
				43B335601950BD5F000E7442 /* Frameworks */,
				43B3355F1950BD5F000E7442 /* Products */,
			);
			sourceTree = "<group>";
		};
		43B3355F1950BD5F000E7442 /* Products */ = {
			isa = PBXGroup;
			children = (
				43B3355E1950BD5F000E7442 /* WCLikeWho.app */,
				43B335821950BD60000E7442 /* WCLikeWhoTests.xctest */,
			);
			name = Products;
			sourceTree = "<group>";
		};
		43B335601950BD5F000E7442 /* Frameworks */ = {
			isa = PBXGroup;
			children = (
				033E18C719519A2A00FEDA8D /* QuartzCore.framework */,
				43B335611950BD5F000E7442 /* Foundation.framework */,
				43B335631950BD5F000E7442 /* CoreGraphics.framework */,
				43B335651950BD5F000E7442 /* UIKit.framework */,
				43B335831950BD60000E7442 /* XCTest.framework */,
			);
			name = Frameworks;
			sourceTree = "<group>";
		};
		43B335671950BD5F000E7442 /* WCLikeWho */ = {
			isa = PBXGroup;
			children = (
				033E18C919519A8800FEDA8D /* libs */,
				43B335991950BF16000E7442 /* Images */,
				43B335731950BD5F000E7442 /* Main_iPhone.storyboard */,
				43B335761950BD5F000E7442 /* Main_iPad.storyboard */,
				43B3359C1950C1EA000E7442 /* ViewShare */,
				033E18C31951998500FEDA8D /* ViewPlay */,
				033E18CE1951B6CF00FEDA8D /* API */,
				43B335701950BD5F000E7442 /* WCAppDelegate.h */,
				43B335711950BD5F000E7442 /* WCAppDelegate.m */,
				43B335791950BD5F000E7442 /* WCViewController.h */,
				43B3357A1950BD5F000E7442 /* WCViewController.m */,
				43B3357C1950BD5F000E7442 /* Images.xcassets */,
				43B335681950BD5F000E7442 /* Supporting Files */,
			);
			path = WCLikeWho;
			sourceTree = "<group>";
		};
		43B335681950BD5F000E7442 /* Supporting Files */ = {
			isa = PBXGroup;
			children = (
				43B335691950BD5F000E7442 /* WCLikeWho-Info.plist */,
				43B3356A1950BD5F000E7442 /* InfoPlist.strings */,
				43B3356D1950BD5F000E7442 /* main.m */,
				43B3356F1950BD5F000E7442 /* WCLikeWho-Prefix.pch */,
			);
			name = "Supporting Files";
			sourceTree = "<group>";
		};
		43B335891950BD60000E7442 /* WCLikeWhoTests */ = {
			isa = PBXGroup;
			children = (
				43B3358F1950BD60000E7442 /* WCLikeWhoTests.m */,
				43B3358A1950BD60000E7442 /* Supporting Files */,
			);
			path = WCLikeWhoTests;
			sourceTree = "<group>";
		};
		43B3358A1950BD60000E7442 /* Supporting Files */ = {
			isa = PBXGroup;
			children = (
				43B3358B1950BD60000E7442 /* WCLikeWhoTests-Info.plist */,
				43B3358C1950BD60000E7442 /* InfoPlist.strings */,
			);
			name = "Supporting Files";
			sourceTree = "<group>";
		};
		43B335991950BF16000E7442 /* Images */ = {
			isa = PBXGroup;
			children = (
				43B3359A1950BF16000E7442 /* neymar.jpg */,
				033E18B31951979600FEDA8D /* Batman@2x.png */,
				033E18B41951979600FEDA8D /* Doraemon@2x.png */,
				033E18B51951979600FEDA8D /* Mario@2x.png */,
				033E18B61951979600FEDA8D /* Nobi Nobita@2x.png */,
				033E18B71951979600FEDA8D /* SlotMachineBackground@2x.png */,
				033E18B81951979600FEDA8D /* SlotMachineCover@2x.png */,
				033E18B91951979600FEDA8D /* StartBtn_H@2x.png */,
				033E18BA1951979600FEDA8D /* StartBtn_N@2x.png */,
			);
			path = Images;
			sourceTree = "<group>";
		};
		43B3359C1950C1EA000E7442 /* ViewShare */ = {
			isa = PBXGroup;
			children = (
				43B3359D1950C201000E7442 /* ViewShare.h */,
				43B3359E1950C201000E7442 /* ViewShare.m */,
			);
			path = ViewShare;
			sourceTree = "<group>";
		};
/* End PBXGroup section */

/* Begin PBXNativeTarget section */
		43B3355D1950BD5F000E7442 /* WCLikeWho */ = {
			isa = PBXNativeTarget;
			buildConfigurationList = 43B335931950BD60000E7442 /* Build configuration list for PBXNativeTarget "WCLikeWho" */;
			buildPhases = (
				43B3355A1950BD5F000E7442 /* Sources */,
				43B3355B1950BD5F000E7442 /* Frameworks */,
				43B3355C1950BD5F000E7442 /* Resources */,
			);
			buildRules = (
			);
			dependencies = (
			);
			name = WCLikeWho;
			productName = WCLikeWho;
			productReference = 43B3355E1950BD5F000E7442 /* WCLikeWho.app */;
			productType = "com.apple.product-type.application";
		};
		43B335811950BD60000E7442 /* WCLikeWhoTests */ = {
			isa = PBXNativeTarget;
			buildConfigurationList = 43B335961950BD60000E7442 /* Build configuration list for PBXNativeTarget "WCLikeWhoTests" */;
			buildPhases = (
				43B3357E1950BD60000E7442 /* Sources */,
				43B3357F1950BD60000E7442 /* Frameworks */,
				43B335801950BD60000E7442 /* Resources */,
			);
			buildRules = (
			);
			dependencies = (
				43B335881950BD60000E7442 /* PBXTargetDependency */,
			);
			name = WCLikeWhoTests;
			productName = WCLikeWhoTests;
			productReference = 43B335821950BD60000E7442 /* WCLikeWhoTests.xctest */;
			productType = "com.apple.product-type.bundle.unit-test";
		};
/* End PBXNativeTarget section */

/* Begin PBXProject section */
		43B335561950BD5F000E7442 /* Project object */ = {
			isa = PBXProject;
			attributes = {
				CLASSPREFIX = WC;
				LastUpgradeCheck = 0510;
				ORGANIZATIONNAME = hlpth;
				TargetAttributes = {
					43B335811950BD60000E7442 = {
						TestTargetID = 43B3355D1950BD5F000E7442;
					};
				};
			};
			buildConfigurationList = 43B335591950BD5F000E7442 /* Build configuration list for PBXProject "WCLikeWho" */;
			compatibilityVersion = "Xcode 3.2";
			developmentRegion = English;
			hasScannedForEncodings = 0;
			knownRegions = (
				en,
				Base,
			);
			mainGroup = 43B335551950BD5F000E7442;
			productRefGroup = 43B3355F1950BD5F000E7442 /* Products */;
			projectDirPath = "";
			projectRoot = "";
			targets = (
				43B3355D1950BD5F000E7442 /* WCLikeWho */,
				43B335811950BD60000E7442 /* WCLikeWhoTests */,
			);
		};
/* End PBXProject section */

/* Begin PBXResourcesBuildPhase section */
		43B3355C1950BD5F000E7442 /* Resources */ = {
			isa = PBXResourcesBuildPhase;
			buildActionMask = 2147483647;
			files = (
				43B335781950BD5F000E7442 /* Main_iPad.storyboard in Resources */,
				033E18BD1951979600FEDA8D /* Mario@2x.png in Resources */,
				033E18BE1951979600FEDA8D /* Nobi Nobita@2x.png in Resources */,
				43B3357D1950BD5F000E7442 /* Images.xcassets in Resources */,
				43B335751950BD5F000E7442 /* Main_iPhone.storyboard in Resources */,
				033E18C01951979600FEDA8D /* SlotMachineCover@2x.png in Resources */,
				43B3356C1950BD5F000E7442 /* InfoPlist.strings in Resources */,
				033E18C11951979600FEDA8D /* StartBtn_H@2x.png in Resources */,
				033E18BC1951979600FEDA8D /* Doraemon@2x.png in Resources */,
				033E18C21951979600FEDA8D /* StartBtn_N@2x.png in Resources */,
				43B3359B1950BF16000E7442 /* neymar.jpg in Resources */,
				033E18BF1951979600FEDA8D /* SlotMachineBackground@2x.png in Resources */,
				033E18BB1951979600FEDA8D /* Batman@2x.png in Resources */,
			);
			runOnlyForDeploymentPostprocessing = 0;
		};
		43B335801950BD60000E7442 /* Resources */ = {
			isa = PBXResourcesBuildPhase;
			buildActionMask = 2147483647;
			files = (
				43B3358E1950BD60000E7442 /* InfoPlist.strings in Resources */,
			);
			runOnlyForDeploymentPostprocessing = 0;
		};
/* End PBXResourcesBuildPhase section */

/* Begin PBXSourcesBuildPhase section */
		43B3355A1950BD5F000E7442 /* Sources */ = {
			isa = PBXSourcesBuildPhase;
			buildActionMask = 2147483647;
			files = (
				033E18C6195199F300FEDA8D /* ViewPlayViewController.m in Sources */,
				43B3359F1950C201000E7442 /* ViewShare.m in Sources */,
				033E18CD19519A8800FEDA8D /* ZCSlotMachine.m in Sources */,
				43B3357B1950BD5F000E7442 /* WCViewController.m in Sources */,
				43B335721950BD5F000E7442 /* WCAppDelegate.m in Sources */,
				033E18D11951B6CF00FEDA8D /* API.m in Sources */,
				43B3356E1950BD5F000E7442 /* main.m in Sources */,
			);
			runOnlyForDeploymentPostprocessing = 0;
		};
		43B3357E1950BD60000E7442 /* Sources */ = {
			isa = PBXSourcesBuildPhase;
			buildActionMask = 2147483647;
			files = (
				43B335901950BD60000E7442 /* WCLikeWhoTests.m in Sources */,
			);
			runOnlyForDeploymentPostprocessing = 0;
		};
/* End PBXSourcesBuildPhase section */

/* Begin PBXTargetDependency section */
		43B335881950BD60000E7442 /* PBXTargetDependency */ = {
			isa = PBXTargetDependency;
			target = 43B3355D1950BD5F000E7442 /* WCLikeWho */;
			targetProxy = 43B335871950BD60000E7442 /* PBXContainerItemProxy */;
		};
/* End PBXTargetDependency section */

/* Begin PBXVariantGroup section */
		43B3356A1950BD5F000E7442 /* InfoPlist.strings */ = {
			isa = PBXVariantGroup;
			children = (
				43B3356B1950BD5F000E7442 /* en */,
			);
			name = InfoPlist.strings;
			sourceTree = "<group>";
		};
		43B335731950BD5F000E7442 /* Main_iPhone.storyboard */ = {
			isa = PBXVariantGroup;
			children = (
				43B335741950BD5F000E7442 /* Base */,
			);
			name = Main_iPhone.storyboard;
			sourceTree = "<group>";
		};
		43B335761950BD5F000E7442 /* Main_iPad.storyboard */ = {
			isa = PBXVariantGroup;
			children = (
				43B335771950BD5F000E7442 /* Base */,
			);
			name = Main_iPad.storyboard;
			sourceTree = "<group>";
		};
		43B3358C1950BD60000E7442 /* InfoPlist.strings */ = {
			isa = PBXVariantGroup;
			children = (
				43B3358D1950BD60000E7442 /* en */,
			);
			name = InfoPlist.strings;
			sourceTree = "<group>";
		};
/* End PBXVariantGroup section */

/* Begin XCBuildConfiguration section */
		43B335911950BD60000E7442 /* Debug */ = {
			isa = XCBuildConfiguration;
			buildSettings = {
				ALWAYS_SEARCH_USER_PATHS = NO;
				CLANG_CXX_LANGUAGE_STANDARD = "gnu++0x";
				CLANG_CXX_LIBRARY = "libc++";
				CLANG_ENABLE_MODULES = YES;
				CLANG_ENABLE_OBJC_ARC = YES;
				CLANG_WARN_BOOL_CONVERSION = YES;
				CLANG_WARN_CONSTANT_CONVERSION = YES;
				CLANG_WARN_DIRECT_OBJC_ISA_USAGE = YES_ERROR;
				CLANG_WARN_EMPTY_BODY = YES;
				CLANG_WARN_ENUM_CONVERSION = YES;
				CLANG_WARN_INT_CONVERSION = YES;
				CLANG_WARN_OBJC_ROOT_CLASS = YES_ERROR;
				CLANG_WARN__DUPLICATE_METHOD_MATCH = YES;
				"CODE_SIGN_IDENTITY[sdk=iphoneos*]" = "iPhone Developer";
				COPY_PHASE_STRIP = NO;
				GCC_C_LANGUAGE_STANDARD = gnu99;
				GCC_DYNAMIC_NO_PIC = NO;
				GCC_OPTIMIZATION_LEVEL = 0;
				GCC_PREPROCESSOR_DEFINITIONS = (
					"DEBUG=1",
					"$(inherited)",
				);
				GCC_SYMBOLS_PRIVATE_EXTERN = NO;
				GCC_WARN_64_TO_32_BIT_CONVERSION = YES;
				GCC_WARN_ABOUT_RETURN_TYPE = YES_ERROR;
				GCC_WARN_UNDECLARED_SELECTOR = YES;
				GCC_WARN_UNINITIALIZED_AUTOS = YES_AGGRESSIVE;
				GCC_WARN_UNUSED_FUNCTION = YES;
				GCC_WARN_UNUSED_VARIABLE = YES;
				IPHONEOS_DEPLOYMENT_TARGET = 7.1;
				ONLY_ACTIVE_ARCH = YES;
				SDKROOT = iphoneos;
				TARGETED_DEVICE_FAMILY = "1,2";
			};
			name = Debug;
		};
		43B335921950BD60000E7442 /* Release */ = {
			isa = XCBuildConfiguration;
			buildSettings = {
				ALWAYS_SEARCH_USER_PATHS = NO;
				CLANG_CXX_LANGUAGE_STANDARD = "gnu++0x";
				CLANG_CXX_LIBRARY = "libc++";
				CLANG_ENABLE_MODULES = YES;
				CLANG_ENABLE_OBJC_ARC = YES;
				CLANG_WARN_BOOL_CONVERSION = YES;
				CLANG_WARN_CONSTANT_CONVERSION = YES;
				CLANG_WARN_DIRECT_OBJC_ISA_USAGE = YES_ERROR;
				CLANG_WARN_EMPTY_BODY = YES;
				CLANG_WARN_ENUM_CONVERSION = YES;
				CLANG_WARN_INT_CONVERSION = YES;
				CLANG_WARN_OBJC_ROOT_CLASS = YES_ERROR;
				CLANG_WARN__DUPLICATE_METHOD_MATCH = YES;
				"CODE_SIGN_IDENTITY[sdk=iphoneos*]" = "iPhone Developer";
				COPY_PHASE_STRIP = YES;
				ENABLE_NS_ASSERTIONS = NO;
				GCC_C_LANGUAGE_STANDARD = gnu99;
				GCC_WARN_64_TO_32_BIT_CONVERSION = YES;
				GCC_WARN_ABOUT_RETURN_TYPE = YES_ERROR;
				GCC_WARN_UNDECLARED_SELECTOR = YES;
				GCC_WARN_UNINITIALIZED_AUTOS = YES_AGGRESSIVE;
				GCC_WARN_UNUSED_FUNCTION = YES;
				GCC_WARN_UNUSED_VARIABLE = YES;
				IPHONEOS_DEPLOYMENT_TARGET = 7.1;
				SDKROOT = iphoneos;
				TARGETED_DEVICE_FAMILY = "1,2";
				VALIDATE_PRODUCT = YES;
			};
			name = Release;
		};
		43B335941950BD60000E7442 /* Debug */ = {
			isa = XCBuildConfiguration;
			buildSettings = {
				ASSETCATALOG_COMPILER_APPICON_NAME = AppIcon;
				ASSETCATALOG_COMPILER_LAUNCHIMAGE_NAME = LaunchImage;
				GCC_PRECOMPILE_PREFIX_HEADER = YES;
				GCC_PREFIX_HEADER = "WCLikeWho/WCLikeWho-Prefix.pch";
				INFOPLIST_FILE = "WCLikeWho/WCLikeWho-Info.plist";
				PRODUCT_NAME = "$(TARGET_NAME)";
				WRAPPER_EXTENSION = app;
			};
			name = Debug;
		};
		43B335951950BD60000E7442 /* Release */ = {
			isa = XCBuildConfiguration;
			buildSettings = {
				ASSETCATALOG_COMPILER_APPICON_NAME = AppIcon;
				ASSETCATALOG_COMPILER_LAUNCHIMAGE_NAME = LaunchImage;
				GCC_PRECOMPILE_PREFIX_HEADER = YES;
				GCC_PREFIX_HEADER = "WCLikeWho/WCLikeWho-Prefix.pch";
				INFOPLIST_FILE = "WCLikeWho/WCLikeWho-Info.plist";
				PRODUCT_NAME = "$(TARGET_NAME)";
				WRAPPER_EXTENSION = app;
			};
			name = Release;
		};
		43B335971950BD60000E7442 /* Debug */ = {
			isa = XCBuildConfiguration;
			buildSettings = {
				BUNDLE_LOADER = "$(BUILT_PRODUCTS_DIR)/WCLikeWho.app/WCLikeWho";
				FRAMEWORK_SEARCH_PATHS = (
					"$(SDKROOT)/Developer/Library/Frameworks",
					"$(inherited)",
					"$(DEVELOPER_FRAMEWORKS_DIR)",
				);
				GCC_PRECOMPILE_PREFIX_HEADER = YES;
				GCC_PREFIX_HEADER = "WCLikeWho/WCLikeWho-Prefix.pch";
				GCC_PREPROCESSOR_DEFINITIONS = (
					"DEBUG=1",
					"$(inherited)",
				);
				INFOPLIST_FILE = "WCLikeWhoTests/WCLikeWhoTests-Info.plist";
				PRODUCT_NAME = "$(TARGET_NAME)";
				TEST_HOST = "$(BUNDLE_LOADER)";
				WRAPPER_EXTENSION = xctest;
			};
			name = Debug;
		};
		43B335981950BD60000E7442 /* Release */ = {
			isa = XCBuildConfiguration;
			buildSettings = {
				BUNDLE_LOADER = "$(BUILT_PRODUCTS_DIR)/WCLikeWho.app/WCLikeWho";
				FRAMEWORK_SEARCH_PATHS = (
					"$(SDKROOT)/Developer/Library/Frameworks",
					"$(inherited)",
					"$(DEVELOPER_FRAMEWORKS_DIR)",
				);
				GCC_PRECOMPILE_PREFIX_HEADER = YES;
				GCC_PREFIX_HEADER = "WCLikeWho/WCLikeWho-Prefix.pch";
				INFOPLIST_FILE = "WCLikeWhoTests/WCLikeWhoTests-Info.plist";
				PRODUCT_NAME = "$(TARGET_NAME)";
				TEST_HOST = "$(BUNDLE_LOADER)";
				WRAPPER_EXTENSION = xctest;
			};
			name = Release;
		};
/* End XCBuildConfiguration section */

/* Begin XCConfigurationList section */
		43B335591950BD5F000E7442 /* Build configuration list for PBXProject "WCLikeWho" */ = {
			isa = XCConfigurationList;
			buildConfigurations = (
				43B335911950BD60000E7442 /* Debug */,
				43B335921950BD60000E7442 /* Release */,
			);
			defaultConfigurationIsVisible = 0;
			defaultConfigurationName = Release;
		};
		43B335931950BD60000E7442 /* Build configuration list for PBXNativeTarget "WCLikeWho" */ = {
			isa = XCConfigurationList;
			buildConfigurations = (
				43B335941950BD60000E7442 /* Debug */,
				43B335951950BD60000E7442 /* Release */,
			);
			defaultConfigurationIsVisible = 0;
			defaultConfigurationName = Release;
		};
		43B335961950BD60000E7442 /* Build configuration list for PBXNativeTarget "WCLikeWhoTests" */ = {
			isa = XCConfigurationList;
			buildConfigurations = (
				43B335971950BD60000E7442 /* Debug */,
				43B335981950BD60000E7442 /* Release */,
			);
			defaultConfigurationIsVisible = 0;
			defaultConfigurationName = Release;
		};
/* End XCConfigurationList section */
	};
	rootObject = 43B335561950BD5F000E7442 /* Project object */;
}
