// !$*UTF8*$!
{
	archiveVersion = 1;
	classes = {
	};
	objectVersion = 46;
	objects = {

/* Begin PBXBuildFile section */
		033E18BB1951979600FEDA8D /* Batman@2x.png in Resources */ = {isa = PBXBuildFile; fileRef = 033E18B31951979600FEDA8D /* Batman@2x.png */; };
		033E18BC1951979600FEDA8D /* Doraemon@2x.png in Resources */ = {isa = PBXBuildFile; fileRef = 033E18B41951979600FEDA8D /* Doraemon@2x.png */; };
		033E18BD1951979600FEDA8D /* Mario@2x.png in Resources */ = {isa = PBXBuildFile; fileRef = 033E18B51951979600FEDA8D /* Mario@2x.png */; };
		033E18BE1951979600FEDA8D /* Nobi Nobita@2x.png in Resources */ = {isa = PBXBuildFile; fileRef = 033E18B61951979600FEDA8D /* Nobi Nobita@2x.png */; };
		033E18BF1951979600FEDA8D /* SlotMachineBackground@2x.png in Resources */ = {isa = PBXBuildFile; fileRef = 033E18B71951979600FEDA8D /* SlotMachineBackground@2x.png */; };
		033E18C01951979600FEDA8D /* SlotMachineCover@2x.png in Resources */ = {isa = PBXBuildFile; fileRef = 033E18B81951979600FEDA8D /* SlotMachineCover@2x.png */; };
		033E18C11951979600FEDA8D /* StartBtn_H@2x.png in Resources */ = {isa = PBXBuildFile; fileRef = 033E18B91951979600FEDA8D /* StartBtn_H@2x.png */; };
		033E18C21951979600FEDA8D /* StartBtn_N@2x.png in Resources */ = {isa = PBXBuildFile; fileRef = 033E18BA1951979600FEDA8D /* StartBtn_N@2x.png */; };
		033E18C6195199F300FEDA8D /* ViewPlayViewController.m in Sources */ = {isa = PBXBuildFile; fileRef = 033E18C5195199F300FEDA8D /* ViewPlayViewController.m */; };
		033E18C819519A2A00FEDA8D /* QuartzCore.framework in Frameworks */ = {isa = PBXBuildFile; fileRef = 033E18C719519A2A00FEDA8D /* QuartzCore.framework */; };
		033E18CD19519A8800FEDA8D /* ZCSlotMachine.m in Sources */ = {isa = PBXBuildFile; fileRef = 033E18CC19519A8800FEDA8D /* ZCSlotMachine.m */; };
		033E18D11951B6CF00FEDA8D /* API.m in Sources */ = {isa = PBXBuildFile; fileRef = 033E18D01951B6CF00FEDA8D /* API.m */; };
		0365E0C91952A9CE00A52E8F /* FacebookSDK.framework in Frameworks */ = {isa = PBXBuildFile; fileRef = 0365E0C81952A9CE00A52E8F /* FacebookSDK.framework */; };
		03744438195417F700690E53 /* bg_share.png in Resources */ = {isa = PBXBuildFile; fileRef = 03744429195417F700690E53 /* bg_share.png */; };
		03744439195417F700690E53 /* btn_brown.png in Resources */ = {isa = PBXBuildFile; fileRef = 0374442A195417F700690E53 /* btn_brown.png */; };
		0374443A195417F700690E53 /* btn_brown_press.png in Resources */ = {isa = PBXBuildFile; fileRef = 0374442B195417F700690E53 /* btn_brown_press.png */; };
		0374443B195417F700690E53 /* btn_facebook.png in Resources */ = {isa = PBXBuildFile; fileRef = 0374442C195417F700690E53 /* btn_facebook.png */; };
		0374443C195417F700690E53 /* btn_facebook_press.png in Resources */ = {isa = PBXBuildFile; fileRef = 0374442D195417F700690E53 /* btn_facebook_press.png */; };
		0374443D195417F700690E53 /* btn_white_small.png in Resources */ = {isa = PBXBuildFile; fileRef = 0374442E195417F700690E53 /* btn_white_small.png */; };
		0374443E195417F700690E53 /* btn_white_small_press.png in Resources */ = {isa = PBXBuildFile; fileRef = 0374442F195417F700690E53 /* btn_white_small_press.png */; };
		0374443F195417F700690E53 /* bg_share@2x.png in Resources */ = {isa = PBXBuildFile; fileRef = 03744431195417F700690E53 /* bg_share@2x.png */; };
		03744440195417F700690E53 /* btn_brown@2x.png in Resources */ = {isa = PBXBuildFile; fileRef = 03744432195417F700690E53 /* btn_brown@2x.png */; };
		03744441195417F700690E53 /* btn_brown_press@2x.png in Resources */ = {isa = PBXBuildFile; fileRef = 03744433195417F700690E53 /* btn_brown_press@2x.png */; };
		03744442195417F700690E53 /* btn_facebook@2x.png in Resources */ = {isa = PBXBuildFile; fileRef = 03744434195417F700690E53 /* btn_facebook@2x.png */; };
		03744443195417F700690E53 /* btn_facebook_press@2x.png in Resources */ = {isa = PBXBuildFile; fileRef = 03744435195417F700690E53 /* btn_facebook_press@2x.png */; };
		03744444195417F700690E53 /* btn_white_small@2x.png in Resources */ = {isa = PBXBuildFile; fileRef = 03744436195417F700690E53 /* btn_white_small@2x.png */; };
		03744445195417F700690E53 /* btn_white_small_press@2x.png in Resources */ = {isa = PBXBuildFile; fileRef = 03744437195417F700690E53 /* btn_white_small_press@2x.png */; };
		037444521954200D00690E53 /* Didier Drogba.png in Resources */ = {isa = PBXBuildFile; fileRef = 0374444F1954200D00690E53 /* Didier Drogba.png */; };
		037444531954200D00690E53 /* Didier Drogba@2x.png in Resources */ = {isa = PBXBuildFile; fileRef = 037444511954200D00690E53 /* Didier Drogba@2x.png */; };
		03BA281C1952D5F400A2EF82 /* libGoogleAdMobAds.a in Frameworks */ = {isa = PBXBuildFile; fileRef = 03BA281A1952D5F400A2EF82 /* libGoogleAdMobAds.a */; };
		03BA281D1952D5F400A2EF82 /* README.txt in Resources */ = {isa = PBXBuildFile; fileRef = 03BA281B1952D5F400A2EF82 /* README.txt */; };
		03BA281F1952D63100A2EF82 /* AdSupport.framework in Frameworks */ = {isa = PBXBuildFile; fileRef = 03BA281E1952D63100A2EF82 /* AdSupport.framework */; };
		03BA28211952D63900A2EF82 /* AudioToolbox.framework in Frameworks */ = {isa = PBXBuildFile; fileRef = 03BA28201952D63900A2EF82 /* AudioToolbox.framework */; };
		03BA28231952D6AC00A2EF82 /* AVFoundation.framework in Frameworks */ = {isa = PBXBuildFile; fileRef = 03BA28221952D6AC00A2EF82 /* AVFoundation.framework */; };
		03BA28251952D6C300A2EF82 /* CoreTelephony.framework in Frameworks */ = {isa = PBXBuildFile; fileRef = 03BA28241952D6C300A2EF82 /* CoreTelephony.framework */; };
		03BA28271952D6CB00A2EF82 /* MessageUI.framework in Frameworks */ = {isa = PBXBuildFile; fileRef = 03BA28261952D6CB00A2EF82 /* MessageUI.framework */; };
		03BA28291952D6D200A2EF82 /* StoreKit.framework in Frameworks */ = {isa = PBXBuildFile; fileRef = 03BA28281952D6D200A2EF82 /* StoreKit.framework */; };
		03BA282B1952D6E100A2EF82 /* SystemConfiguration.framework in Frameworks */ = {isa = PBXBuildFile; fileRef = 03BA282A1952D6E100A2EF82 /* SystemConfiguration.framework */; };
		03BA282F1952F7E800A2EF82 /* Context Reprise Light SSi Extra Light.ttf in Resources */ = {isa = PBXBuildFile; fileRef = 03BA282D1952F7E800A2EF82 /* Context Reprise Light SSi Extra Light.ttf */; };
		03BA28301952F7E800A2EF82 /* Context Reprise Light SSi Light.ttf in Resources */ = {isa = PBXBuildFile; fileRef = 03BA282E1952F7E800A2EF82 /* Context Reprise Light SSi Light.ttf */; };
		03BA283C1952F99400A2EF82 /* btn_female_normal.png in Resources */ = {isa = PBXBuildFile; fileRef = 03BA28331952F99400A2EF82 /* btn_female_normal.png */; };
		03BA283D1952F99400A2EF82 /* btn_female_pressed.png in Resources */ = {isa = PBXBuildFile; fileRef = 03BA28341952F99400A2EF82 /* btn_female_pressed.png */; };
		03BA283E1952F99400A2EF82 /* btn_male_normal.png in Resources */ = {isa = PBXBuildFile; fileRef = 03BA28351952F99400A2EF82 /* btn_male_normal.png */; };
		03BA283F1952F99400A2EF82 /* btn_male_pressed.png in Resources */ = {isa = PBXBuildFile; fileRef = 03BA28361952F99400A2EF82 /* btn_male_pressed.png */; };
		03BA28401952F99400A2EF82 /* btn_female_normal@2x.png in Resources */ = {isa = PBXBuildFile; fileRef = 03BA28381952F99400A2EF82 /* btn_female_normal@2x.png */; };
		03BA28411952F99400A2EF82 /* btn_female_pressed@2x.png in Resources */ = {isa = PBXBuildFile; fileRef = 03BA28391952F99400A2EF82 /* btn_female_pressed@2x.png */; };
		03BA28421952F99400A2EF82 /* btn_male_normal@2x.png in Resources */ = {isa = PBXBuildFile; fileRef = 03BA283A1952F99400A2EF82 /* btn_male_normal@2x.png */; };
		03BA28431952F99400A2EF82 /* btn_male_pressed@2x.png in Resources */ = {isa = PBXBuildFile; fileRef = 03BA283B1952F99400A2EF82 /* btn_male_pressed@2x.png */; };
		03BA2851195308DF00A2EF82 /* btn_back.png in Resources */ = {isa = PBXBuildFile; fileRef = 03BA2846195308DF00A2EF82 /* btn_back.png */; };
		03BA2852195308DF00A2EF82 /* btn_white.png in Resources */ = {isa = PBXBuildFile; fileRef = 03BA2847195308DF00A2EF82 /* btn_white.png */; };
		03BA2853195308DF00A2EF82 /* btn_white_press.png in Resources */ = {isa = PBXBuildFile; fileRef = 03BA2848195308DF00A2EF82 /* btn_white_press.png */; };
		03BA2854195308DF00A2EF82 /* mask.png in Resources */ = {isa = PBXBuildFile; fileRef = 03BA2849195308DF00A2EF82 /* mask.png */; };
		03BA2855195308DF00A2EF82 /* role.png in Resources */ = {isa = PBXBuildFile; fileRef = 03BA284A195308DF00A2EF82 /* role.png */; };
		03BA2856195308DF00A2EF82 /* btn_back@2x.png in Resources */ = {isa = PBXBuildFile; fileRef = 03BA284C195308DF00A2EF82 /* btn_back@2x.png */; };
		03BA2857195308DF00A2EF82 /* btn_white@2x.png in Resources */ = {isa = PBXBuildFile; fileRef = 03BA284D195308DF00A2EF82 /* btn_white@2x.png */; };
		03BA2858195308DF00A2EF82 /* btn_white_press@2x.png in Resources */ = {isa = PBXBuildFile; fileRef = 03BA284E195308DF00A2EF82 /* btn_white_press@2x.png */; };
		03BA2859195308DF00A2EF82 /* mask@2x.png in Resources */ = {isa = PBXBuildFile; fileRef = 03BA284F195308DF00A2EF82 /* mask@2x.png */; };
		03BA285A195308DF00A2EF82 /* role@2x.png in Resources */ = {isa = PBXBuildFile; fileRef = 03BA2850195308DF00A2EF82 /* role@2x.png */; };
		03BA290019530EF900A2EF82 /* Algeria.png in Resources */ = {isa = PBXBuildFile; fileRef = 03BA28E019530EF900A2EF82 /* Algeria.png */; };
		03BA290119530EF900A2EF82 /* Argentina.png in Resources */ = {isa = PBXBuildFile; fileRef = 03BA28E119530EF900A2EF82 /* Argentina.png */; };
		03BA290219530EF900A2EF82 /* Australia.png in Resources */ = {isa = PBXBuildFile; fileRef = 03BA28E219530EF900A2EF82 /* Australia.png */; };
		03BA290319530EF900A2EF82 /* Belgium.png in Resources */ = {isa = PBXBuildFile; fileRef = 03BA28E319530EF900A2EF82 /* Belgium.png */; };
		03BA290419530EF900A2EF82 /* Bosnia-And-Herzegovina.png in Resources */ = {isa = PBXBuildFile; fileRef = 03BA28E419530EF900A2EF82 /* Bosnia-And-Herzegovina.png */; };
		03BA290519530EF900A2EF82 /* Brazil.png in Resources */ = {isa = PBXBuildFile; fileRef = 03BA28E519530EF900A2EF82 /* Brazil.png */; };
		03BA290619530EF900A2EF82 /* Cameroon.png in Resources */ = {isa = PBXBuildFile; fileRef = 03BA28E619530EF900A2EF82 /* Cameroon.png */; };
		03BA290719530EF900A2EF82 /* Chile.png in Resources */ = {isa = PBXBuildFile; fileRef = 03BA28E719530EF900A2EF82 /* Chile.png */; };
		03BA290819530EF900A2EF82 /* Colombia.png in Resources */ = {isa = PBXBuildFile; fileRef = 03BA28E819530EF900A2EF82 /* Colombia.png */; };
		03BA290919530EF900A2EF82 /* Costa-Rica.png in Resources */ = {isa = PBXBuildFile; fileRef = 03BA28E919530EF900A2EF82 /* Costa-Rica.png */; };
		03BA290A19530EF900A2EF82 /* Côte-D'ivoire.png in Resources */ = {isa = PBXBuildFile; fileRef = 03BA28EA19530EF900A2EF82 /* Côte-D'ivoire.png */; };
		03BA290B19530EF900A2EF82 /* Croatia.png in Resources */ = {isa = PBXBuildFile; fileRef = 03BA28EB19530EF900A2EF82 /* Croatia.png */; };
		03BA290C19530EF900A2EF82 /* Ecuador.png in Resources */ = {isa = PBXBuildFile; fileRef = 03BA28EC19530EF900A2EF82 /* Ecuador.png */; };
		03BA290D19530EF900A2EF82 /* England.png in Resources */ = {isa = PBXBuildFile; fileRef = 03BA28ED19530EF900A2EF82 /* England.png */; };
		03BA290E19530EF900A2EF82 /* France.png in Resources */ = {isa = PBXBuildFile; fileRef = 03BA28EE19530EF900A2EF82 /* France.png */; };
		03BA290F19530EF900A2EF82 /* Germany.png in Resources */ = {isa = PBXBuildFile; fileRef = 03BA28EF19530EF900A2EF82 /* Germany.png */; };
		03BA291019530EF900A2EF82 /* Ghana.png in Resources */ = {isa = PBXBuildFile; fileRef = 03BA28F019530EF900A2EF82 /* Ghana.png */; };
		03BA291119530EF900A2EF82 /* Greece.png in Resources */ = {isa = PBXBuildFile; fileRef = 03BA28F119530EF900A2EF82 /* Greece.png */; };
		03BA291219530EF900A2EF82 /* Honduras.png in Resources */ = {isa = PBXBuildFile; fileRef = 03BA28F219530EF900A2EF82 /* Honduras.png */; };
		03BA291319530EF900A2EF82 /* Iran.png in Resources */ = {isa = PBXBuildFile; fileRef = 03BA28F319530EF900A2EF82 /* Iran.png */; };
		03BA291419530EF900A2EF82 /* Italy.png in Resources */ = {isa = PBXBuildFile; fileRef = 03BA28F419530EF900A2EF82 /* Italy.png */; };
		03BA291519530EF900A2EF82 /* Japan.png in Resources */ = {isa = PBXBuildFile; fileRef = 03BA28F519530EF900A2EF82 /* Japan.png */; };
		03BA291619530EF900A2EF82 /* Korea-Republic.png in Resources */ = {isa = PBXBuildFile; fileRef = 03BA28F619530EF900A2EF82 /* Korea-Republic.png */; };
		03BA291719530EF900A2EF82 /* Mexico.png in Resources */ = {isa = PBXBuildFile; fileRef = 03BA28F719530EF900A2EF82 /* Mexico.png */; };
		03BA291819530EF900A2EF82 /* Netherlands.png in Resources */ = {isa = PBXBuildFile; fileRef = 03BA28F819530EF900A2EF82 /* Netherlands.png */; };
		03BA291919530EF900A2EF82 /* Nigeria.png in Resources */ = {isa = PBXBuildFile; fileRef = 03BA28F919530EF900A2EF82 /* Nigeria.png */; };
		03BA291A19530EF900A2EF82 /* Portugal.png in Resources */ = {isa = PBXBuildFile; fileRef = 03BA28FA19530EF900A2EF82 /* Portugal.png */; };
		03BA291B19530EF900A2EF82 /* Russia.png in Resources */ = {isa = PBXBuildFile; fileRef = 03BA28FB19530EF900A2EF82 /* Russia.png */; };
		03BA291C19530EF900A2EF82 /* Spain.png in Resources */ = {isa = PBXBuildFile; fileRef = 03BA28FC19530EF900A2EF82 /* Spain.png */; };
		03BA291D19530EF900A2EF82 /* Switzerland.png in Resources */ = {isa = PBXBuildFile; fileRef = 03BA28FD19530EF900A2EF82 /* Switzerland.png */; };
		03BA291E19530EF900A2EF82 /* Uruguay.png in Resources */ = {isa = PBXBuildFile; fileRef = 03BA28FE19530EF900A2EF82 /* Uruguay.png */; };
		03BA291F19530EF900A2EF82 /* Usa.png in Resources */ = {isa = PBXBuildFile; fileRef = 03BA28FF19530EF900A2EF82 /* Usa.png */; };
		1893030919568ABA00CD9D89 /* AFHTTPRequestOperation.m in Sources */ = {isa = PBXBuildFile; fileRef = 189302D719568ABA00CD9D89 /* AFHTTPRequestOperation.m */; };
		1893030A19568ABA00CD9D89 /* AFHTTPRequestOperationManager.m in Sources */ = {isa = PBXBuildFile; fileRef = 189302D919568ABA00CD9D89 /* AFHTTPRequestOperationManager.m */; };
		1893030B19568ABA00CD9D89 /* AFHTTPSessionManager.m in Sources */ = {isa = PBXBuildFile; fileRef = 189302DB19568ABA00CD9D89 /* AFHTTPSessionManager.m */; };
		1893030C19568ABA00CD9D89 /* AFNetworkReachabilityManager.m in Sources */ = {isa = PBXBuildFile; fileRef = 189302DE19568ABA00CD9D89 /* AFNetworkReachabilityManager.m */; };
		1893030D19568ABA00CD9D89 /* AFSecurityPolicy.m in Sources */ = {isa = PBXBuildFile; fileRef = 189302E019568ABA00CD9D89 /* AFSecurityPolicy.m */; };
		1893030E19568ABA00CD9D89 /* AFURLConnectionOperation.m in Sources */ = {isa = PBXBuildFile; fileRef = 189302E219568ABA00CD9D89 /* AFURLConnectionOperation.m */; };
		1893030F19568ABA00CD9D89 /* AFURLRequestSerialization.m in Sources */ = {isa = PBXBuildFile; fileRef = 189302E419568ABA00CD9D89 /* AFURLRequestSerialization.m */; };
		1893031019568ABA00CD9D89 /* AFURLResponseSerialization.m in Sources */ = {isa = PBXBuildFile; fileRef = 189302E619568ABA00CD9D89 /* AFURLResponseSerialization.m */; };
		1893031119568ABA00CD9D89 /* AFURLSessionManager.m in Sources */ = {isa = PBXBuildFile; fileRef = 189302E819568ABA00CD9D89 /* AFURLSessionManager.m */; };
		1893031219568ABA00CD9D89 /* MKAnnotationView+WebCache.m in Sources */ = {isa = PBXBuildFile; fileRef = 189302EB19568ABA00CD9D89 /* MKAnnotationView+WebCache.m */; };
		1893031319568ABA00CD9D89 /* NSData+ImageContentType.m in Sources */ = {isa = PBXBuildFile; fileRef = 189302ED19568ABA00CD9D89 /* NSData+ImageContentType.m */; };
		1893031419568ABA00CD9D89 /* SDImageCache.m in Sources */ = {isa = PBXBuildFile; fileRef = 189302EF19568ABA00CD9D89 /* SDImageCache.m */; };
		1893031519568ABA00CD9D89 /* SDWebImageCompat.m in Sources */ = {isa = PBXBuildFile; fileRef = 189302F119568ABA00CD9D89 /* SDWebImageCompat.m */; };
		1893031619568ABA00CD9D89 /* SDWebImageDecoder.m in Sources */ = {isa = PBXBuildFile; fileRef = 189302F319568ABA00CD9D89 /* SDWebImageDecoder.m */; };
		1893031719568ABA00CD9D89 /* SDWebImageDownloader.m in Sources */ = {isa = PBXBuildFile; fileRef = 189302F519568ABA00CD9D89 /* SDWebImageDownloader.m */; };
		1893031819568ABA00CD9D89 /* SDWebImageDownloaderOperation.m in Sources */ = {isa = PBXBuildFile; fileRef = 189302F719568ABA00CD9D89 /* SDWebImageDownloaderOperation.m */; };
		1893031919568ABA00CD9D89 /* SDWebImageManager.m in Sources */ = {isa = PBXBuildFile; fileRef = 189302F919568ABA00CD9D89 /* SDWebImageManager.m */; };
		1893031A19568ABA00CD9D89 /* SDWebImagePrefetcher.m in Sources */ = {isa = PBXBuildFile; fileRef = 189302FC19568ABA00CD9D89 /* SDWebImagePrefetcher.m */; };
		1893031B19568ABA00CD9D89 /* UIButton+WebCache.m in Sources */ = {isa = PBXBuildFile; fileRef = 189302FE19568ABA00CD9D89 /* UIButton+WebCache.m */; };
		1893031C19568ABA00CD9D89 /* UIImage+GIF.m in Sources */ = {isa = PBXBuildFile; fileRef = 1893030019568ABA00CD9D89 /* UIImage+GIF.m */; };
		1893031D19568ABA00CD9D89 /* UIImage+MultiFormat.m in Sources */ = {isa = PBXBuildFile; fileRef = 1893030219568ABA00CD9D89 /* UIImage+MultiFormat.m */; };
		1893031E19568ABA00CD9D89 /* UIImage+WebP.m in Sources */ = {isa = PBXBuildFile; fileRef = 1893030419568ABA00CD9D89 /* UIImage+WebP.m */; };
		1893031F19568ABA00CD9D89 /* UIImageView+HighlightedWebCache.m in Sources */ = {isa = PBXBuildFile; fileRef = 1893030619568ABA00CD9D89 /* UIImageView+HighlightedWebCache.m */; };
		1893032019568ABA00CD9D89 /* UIImageView+WebCache.m in Sources */ = {isa = PBXBuildFile; fileRef = 1893030819568ABA00CD9D89 /* UIImageView+WebCache.m */; };
		43B335621950BD5F000E7442 /* Foundation.framework in Frameworks */ = {isa = PBXBuildFile; fileRef = 43B335611950BD5F000E7442 /* Foundation.framework */; };
		43B335641950BD5F000E7442 /* CoreGraphics.framework in Frameworks */ = {isa = PBXBuildFile; fileRef = 43B335631950BD5F000E7442 /* CoreGraphics.framework */; };
		43B335661950BD5F000E7442 /* UIKit.framework in Frameworks */ = {isa = PBXBuildFile; fileRef = 43B335651950BD5F000E7442 /* UIKit.framework */; };
		43B3356C1950BD5F000E7442 /* InfoPlist.strings in Resources */ = {isa = PBXBuildFile; fileRef = 43B3356A1950BD5F000E7442 /* InfoPlist.strings */; };
		43B3356E1950BD5F000E7442 /* main.m in Sources */ = {isa = PBXBuildFile; fileRef = 43B3356D1950BD5F000E7442 /* main.m */; };
		43B335721950BD5F000E7442 /* WCAppDelegate.m in Sources */ = {isa = PBXBuildFile; fileRef = 43B335711950BD5F000E7442 /* WCAppDelegate.m */; };
		43B335751950BD5F000E7442 /* Main_iPhone.storyboard in Resources */ = {isa = PBXBuildFile; fileRef = 43B335731950BD5F000E7442 /* Main_iPhone.storyboard */; };
		43B335781950BD5F000E7442 /* Main_iPad.storyboard in Resources */ = {isa = PBXBuildFile; fileRef = 43B335761950BD5F000E7442 /* Main_iPad.storyboard */; };
		43B3357B1950BD5F000E7442 /* WCViewController.m in Sources */ = {isa = PBXBuildFile; fileRef = 43B3357A1950BD5F000E7442 /* WCViewController.m */; };
		43B3357D1950BD5F000E7442 /* Images.xcassets in Resources */ = {isa = PBXBuildFile; fileRef = 43B3357C1950BD5F000E7442 /* Images.xcassets */; };
		43B335841950BD60000E7442 /* XCTest.framework in Frameworks */ = {isa = PBXBuildFile; fileRef = 43B335831950BD60000E7442 /* XCTest.framework */; };
		43B335851950BD60000E7442 /* Foundation.framework in Frameworks */ = {isa = PBXBuildFile; fileRef = 43B335611950BD5F000E7442 /* Foundation.framework */; };
		43B335861950BD60000E7442 /* UIKit.framework in Frameworks */ = {isa = PBXBuildFile; fileRef = 43B335651950BD5F000E7442 /* UIKit.framework */; };
		43B3358E1950BD60000E7442 /* InfoPlist.strings in Resources */ = {isa = PBXBuildFile; fileRef = 43B3358C1950BD60000E7442 /* InfoPlist.strings */; };
		43B335901950BD60000E7442 /* WCLikeWhoTests.m in Sources */ = {isa = PBXBuildFile; fileRef = 43B3358F1950BD60000E7442 /* WCLikeWhoTests.m */; };
		43B3359B1950BF16000E7442 /* neymar.jpg in Resources */ = {isa = PBXBuildFile; fileRef = 43B3359A1950BF16000E7442 /* neymar.jpg */; };
		43B3359F1950C201000E7442 /* ViewShare.m in Sources */ = {isa = PBXBuildFile; fileRef = 43B3359E1950C201000E7442 /* ViewShare.m */; };
/* End PBXBuildFile section */

/* Begin PBXContainerItemProxy section */
		43B335871950BD60000E7442 /* PBXContainerItemProxy */ = {
			isa = PBXContainerItemProxy;
			containerPortal = 43B335561950BD5F000E7442 /* Project object */;
			proxyType = 1;
			remoteGlobalIDString = 43B3355D1950BD5F000E7442;
			remoteInfo = WCLikeWho;
		};
/* End PBXContainerItemProxy section */

/* Begin PBXFileReference section */
		033E18B31951979600FEDA8D /* Batman@2x.png */ = {isa = PBXFileReference; lastKnownFileType = image.png; path = "Batman@2x.png"; sourceTree = "<group>"; };
		033E18B41951979600FEDA8D /* Doraemon@2x.png */ = {isa = PBXFileReference; lastKnownFileType = image.png; path = "Doraemon@2x.png"; sourceTree = "<group>"; };
		033E18B51951979600FEDA8D /* Mario@2x.png */ = {isa = PBXFileReference; lastKnownFileType = image.png; path = "Mario@2x.png"; sourceTree = "<group>"; };
		033E18B61951979600FEDA8D /* Nobi Nobita@2x.png */ = {isa = PBXFileReference; lastKnownFileType = image.png; path = "Nobi Nobita@2x.png"; sourceTree = "<group>"; };
		033E18B71951979600FEDA8D /* SlotMachineBackground@2x.png */ = {isa = PBXFileReference; lastKnownFileType = image.png; path = "SlotMachineBackground@2x.png"; sourceTree = "<group>"; };
		033E18B81951979600FEDA8D /* SlotMachineCover@2x.png */ = {isa = PBXFileReference; lastKnownFileType = image.png; path = "SlotMachineCover@2x.png"; sourceTree = "<group>"; };
		033E18B91951979600FEDA8D /* StartBtn_H@2x.png */ = {isa = PBXFileReference; lastKnownFileType = image.png; path = "StartBtn_H@2x.png"; sourceTree = "<group>"; };
		033E18BA1951979600FEDA8D /* StartBtn_N@2x.png */ = {isa = PBXFileReference; lastKnownFileType = image.png; path = "StartBtn_N@2x.png"; sourceTree = "<group>"; };
		033E18C4195199F300FEDA8D /* ViewPlayViewController.h */ = {isa = PBXFileReference; fileEncoding = 4; lastKnownFileType = sourcecode.c.h; path = ViewPlayViewController.h; sourceTree = "<group>"; };
		033E18C5195199F300FEDA8D /* ViewPlayViewController.m */ = {isa = PBXFileReference; fileEncoding = 4; lastKnownFileType = sourcecode.c.objc; path = ViewPlayViewController.m; sourceTree = "<group>"; };
		033E18C719519A2A00FEDA8D /* QuartzCore.framework */ = {isa = PBXFileReference; lastKnownFileType = wrapper.framework; name = QuartzCore.framework; path = System/Library/Frameworks/QuartzCore.framework; sourceTree = SDKROOT; };
		033E18CB19519A8800FEDA8D /* ZCSlotMachine.h */ = {isa = PBXFileReference; fileEncoding = 4; lastKnownFileType = sourcecode.c.h; path = ZCSlotMachine.h; sourceTree = "<group>"; };
		033E18CC19519A8800FEDA8D /* ZCSlotMachine.m */ = {isa = PBXFileReference; fileEncoding = 4; lastKnownFileType = sourcecode.c.objc; path = ZCSlotMachine.m; sourceTree = "<group>"; };
		033E18CF1951B6CF00FEDA8D /* API.h */ = {isa = PBXFileReference; fileEncoding = 4; lastKnownFileType = sourcecode.c.h; path = API.h; sourceTree = "<group>"; };
		033E18D01951B6CF00FEDA8D /* API.m */ = {isa = PBXFileReference; fileEncoding = 4; lastKnownFileType = sourcecode.c.objc; path = API.m; sourceTree = "<group>"; };
		0365E0C81952A9CE00A52E8F /* FacebookSDK.framework */ = {isa = PBXFileReference; lastKnownFileType = wrapper.framework; path = FacebookSDK.framework; sourceTree = "<group>"; };
		03744429195417F700690E53 /* bg_share.png */ = {isa = PBXFileReference; lastKnownFileType = image.png; path = bg_share.png; sourceTree = "<group>"; };
		0374442A195417F700690E53 /* btn_brown.png */ = {isa = PBXFileReference; lastKnownFileType = image.png; path = btn_brown.png; sourceTree = "<group>"; };
		0374442B195417F700690E53 /* btn_brown_press.png */ = {isa = PBXFileReference; lastKnownFileType = image.png; path = btn_brown_press.png; sourceTree = "<group>"; };
		0374442C195417F700690E53 /* btn_facebook.png */ = {isa = PBXFileReference; lastKnownFileType = image.png; path = btn_facebook.png; sourceTree = "<group>"; };
		0374442D195417F700690E53 /* btn_facebook_press.png */ = {isa = PBXFileReference; lastKnownFileType = image.png; path = btn_facebook_press.png; sourceTree = "<group>"; };
		0374442E195417F700690E53 /* btn_white_small.png */ = {isa = PBXFileReference; lastKnownFileType = image.png; path = btn_white_small.png; sourceTree = "<group>"; };
		0374442F195417F700690E53 /* btn_white_small_press.png */ = {isa = PBXFileReference; lastKnownFileType = image.png; path = btn_white_small_press.png; sourceTree = "<group>"; };
		03744431195417F700690E53 /* bg_share@2x.png */ = {isa = PBXFileReference; lastKnownFileType = image.png; path = "bg_share@2x.png"; sourceTree = "<group>"; };
		03744432195417F700690E53 /* btn_brown@2x.png */ = {isa = PBXFileReference; lastKnownFileType = image.png; path = "btn_brown@2x.png"; sourceTree = "<group>"; };
		03744433195417F700690E53 /* btn_brown_press@2x.png */ = {isa = PBXFileReference; lastKnownFileType = image.png; path = "btn_brown_press@2x.png"; sourceTree = "<group>"; };
		03744434195417F700690E53 /* btn_facebook@2x.png */ = {isa = PBXFileReference; lastKnownFileType = image.png; path = "btn_facebook@2x.png"; sourceTree = "<group>"; };
		03744435195417F700690E53 /* btn_facebook_press@2x.png */ = {isa = PBXFileReference; lastKnownFileType = image.png; path = "btn_facebook_press@2x.png"; sourceTree = "<group>"; };
		03744436195417F700690E53 /* btn_white_small@2x.png */ = {isa = PBXFileReference; lastKnownFileType = image.png; path = "btn_white_small@2x.png"; sourceTree = "<group>"; };
		03744437195417F700690E53 /* btn_white_small_press@2x.png */ = {isa = PBXFileReference; lastKnownFileType = image.png; path = "btn_white_small_press@2x.png"; sourceTree = "<group>"; };
		0374444F1954200D00690E53 /* Didier Drogba.png */ = {isa = PBXFileReference; lastKnownFileType = image.png; path = "Didier Drogba.png"; sourceTree = "<group>"; };
		037444511954200D00690E53 /* Didier Drogba@2x.png */ = {isa = PBXFileReference; lastKnownFileType = image.png; path = "Didier Drogba@2x.png"; sourceTree = "<group>"; };
		03BA280E1952D5F400A2EF82 /* GADAdMobExtras.h */ = {isa = PBXFileReference; fileEncoding = 4; lastKnownFileType = sourcecode.c.h; path = GADAdMobExtras.h; sourceTree = "<group>"; };
		03BA280F1952D5F400A2EF82 /* GADAdNetworkExtras.h */ = {isa = PBXFileReference; fileEncoding = 4; lastKnownFileType = sourcecode.c.h; path = GADAdNetworkExtras.h; sourceTree = "<group>"; };
		03BA28101952D5F400A2EF82 /* GADAdSize.h */ = {isa = PBXFileReference; fileEncoding = 4; lastKnownFileType = sourcecode.c.h; path = GADAdSize.h; sourceTree = "<group>"; };
		03BA28111952D5F400A2EF82 /* GADBannerView.h */ = {isa = PBXFileReference; fileEncoding = 4; lastKnownFileType = sourcecode.c.h; path = GADBannerView.h; sourceTree = "<group>"; };
		03BA28121952D5F400A2EF82 /* GADBannerViewDelegate.h */ = {isa = PBXFileReference; fileEncoding = 4; lastKnownFileType = sourcecode.c.h; path = GADBannerViewDelegate.h; sourceTree = "<group>"; };
		03BA28131952D5F400A2EF82 /* GADInAppPurchase.h */ = {isa = PBXFileReference; fileEncoding = 4; lastKnownFileType = sourcecode.c.h; path = GADInAppPurchase.h; sourceTree = "<group>"; };
		03BA28141952D5F400A2EF82 /* GADInAppPurchaseDelegate.h */ = {isa = PBXFileReference; fileEncoding = 4; lastKnownFileType = sourcecode.c.h; path = GADInAppPurchaseDelegate.h; sourceTree = "<group>"; };
		03BA28151952D5F400A2EF82 /* GADInterstitial.h */ = {isa = PBXFileReference; fileEncoding = 4; lastKnownFileType = sourcecode.c.h; path = GADInterstitial.h; sourceTree = "<group>"; };
		03BA28161952D5F400A2EF82 /* GADInterstitialDelegate.h */ = {isa = PBXFileReference; fileEncoding = 4; lastKnownFileType = sourcecode.c.h; path = GADInterstitialDelegate.h; sourceTree = "<group>"; };
		03BA28171952D5F400A2EF82 /* GADModules.h */ = {isa = PBXFileReference; fileEncoding = 4; lastKnownFileType = sourcecode.c.h; path = GADModules.h; sourceTree = "<group>"; };
		03BA28181952D5F400A2EF82 /* GADRequest.h */ = {isa = PBXFileReference; fileEncoding = 4; lastKnownFileType = sourcecode.c.h; path = GADRequest.h; sourceTree = "<group>"; };
		03BA28191952D5F400A2EF82 /* GADRequestError.h */ = {isa = PBXFileReference; fileEncoding = 4; lastKnownFileType = sourcecode.c.h; path = GADRequestError.h; sourceTree = "<group>"; };
		03BA281A1952D5F400A2EF82 /* libGoogleAdMobAds.a */ = {isa = PBXFileReference; lastKnownFileType = archive.ar; path = libGoogleAdMobAds.a; sourceTree = "<group>"; };
		03BA281B1952D5F400A2EF82 /* README.txt */ = {isa = PBXFileReference; fileEncoding = 4; lastKnownFileType = text; path = README.txt; sourceTree = "<group>"; };
		03BA281E1952D63100A2EF82 /* AdSupport.framework */ = {isa = PBXFileReference; lastKnownFileType = wrapper.framework; name = AdSupport.framework; path = System/Library/Frameworks/AdSupport.framework; sourceTree = SDKROOT; };
		03BA28201952D63900A2EF82 /* AudioToolbox.framework */ = {isa = PBXFileReference; lastKnownFileType = wrapper.framework; name = AudioToolbox.framework; path = System/Library/Frameworks/AudioToolbox.framework; sourceTree = SDKROOT; };
		03BA28221952D6AC00A2EF82 /* AVFoundation.framework */ = {isa = PBXFileReference; lastKnownFileType = wrapper.framework; name = AVFoundation.framework; path = System/Library/Frameworks/AVFoundation.framework; sourceTree = SDKROOT; };
		03BA28241952D6C300A2EF82 /* CoreTelephony.framework */ = {isa = PBXFileReference; lastKnownFileType = wrapper.framework; name = CoreTelephony.framework; path = System/Library/Frameworks/CoreTelephony.framework; sourceTree = SDKROOT; };
		03BA28261952D6CB00A2EF82 /* MessageUI.framework */ = {isa = PBXFileReference; lastKnownFileType = wrapper.framework; name = MessageUI.framework; path = System/Library/Frameworks/MessageUI.framework; sourceTree = SDKROOT; };
		03BA28281952D6D200A2EF82 /* StoreKit.framework */ = {isa = PBXFileReference; lastKnownFileType = wrapper.framework; name = StoreKit.framework; path = System/Library/Frameworks/StoreKit.framework; sourceTree = SDKROOT; };
		03BA282A1952D6E100A2EF82 /* SystemConfiguration.framework */ = {isa = PBXFileReference; lastKnownFileType = wrapper.framework; name = SystemConfiguration.framework; path = System/Library/Frameworks/SystemConfiguration.framework; sourceTree = SDKROOT; };
		03BA282D1952F7E800A2EF82 /* Context Reprise Light SSi Extra Light.ttf */ = {isa = PBXFileReference; lastKnownFileType = file; path = "Context Reprise Light SSi Extra Light.ttf"; sourceTree = "<group>"; };
		03BA282E1952F7E800A2EF82 /* Context Reprise Light SSi Light.ttf */ = {isa = PBXFileReference; lastKnownFileType = file; path = "Context Reprise Light SSi Light.ttf"; sourceTree = "<group>"; };
		03BA28331952F99400A2EF82 /* btn_female_normal.png */ = {isa = PBXFileReference; lastKnownFileType = image.png; path = btn_female_normal.png; sourceTree = "<group>"; };
		03BA28341952F99400A2EF82 /* btn_female_pressed.png */ = {isa = PBXFileReference; lastKnownFileType = image.png; path = btn_female_pressed.png; sourceTree = "<group>"; };
		03BA28351952F99400A2EF82 /* btn_male_normal.png */ = {isa = PBXFileReference; lastKnownFileType = image.png; path = btn_male_normal.png; sourceTree = "<group>"; };
		03BA28361952F99400A2EF82 /* btn_male_pressed.png */ = {isa = PBXFileReference; lastKnownFileType = image.png; path = btn_male_pressed.png; sourceTree = "<group>"; };
		03BA28381952F99400A2EF82 /* btn_female_normal@2x.png */ = {isa = PBXFileReference; lastKnownFileType = image.png; path = "btn_female_normal@2x.png"; sourceTree = "<group>"; };
		03BA28391952F99400A2EF82 /* btn_female_pressed@2x.png */ = {isa = PBXFileReference; lastKnownFileType = image.png; path = "btn_female_pressed@2x.png"; sourceTree = "<group>"; };
		03BA283A1952F99400A2EF82 /* btn_male_normal@2x.png */ = {isa = PBXFileReference; lastKnownFileType = image.png; path = "btn_male_normal@2x.png"; sourceTree = "<group>"; };
		03BA283B1952F99400A2EF82 /* btn_male_pressed@2x.png */ = {isa = PBXFileReference; lastKnownFileType = image.png; path = "btn_male_pressed@2x.png"; sourceTree = "<group>"; };
		03BA2846195308DF00A2EF82 /* btn_back.png */ = {isa = PBXFileReference; lastKnownFileType = image.png; path = btn_back.png; sourceTree = "<group>"; };
		03BA2847195308DF00A2EF82 /* btn_white.png */ = {isa = PBXFileReference; lastKnownFileType = image.png; path = btn_white.png; sourceTree = "<group>"; };
		03BA2848195308DF00A2EF82 /* btn_white_press.png */ = {isa = PBXFileReference; lastKnownFileType = image.png; path = btn_white_press.png; sourceTree = "<group>"; };
		03BA2849195308DF00A2EF82 /* mask.png */ = {isa = PBXFileReference; lastKnownFileType = image.png; path = mask.png; sourceTree = "<group>"; };
		03BA284A195308DF00A2EF82 /* role.png */ = {isa = PBXFileReference; lastKnownFileType = image.png; path = role.png; sourceTree = "<group>"; };
		03BA284C195308DF00A2EF82 /* btn_back@2x.png */ = {isa = PBXFileReference; lastKnownFileType = image.png; path = "btn_back@2x.png"; sourceTree = "<group>"; };
		03BA284D195308DF00A2EF82 /* btn_white@2x.png */ = {isa = PBXFileReference; lastKnownFileType = image.png; path = "btn_white@2x.png"; sourceTree = "<group>"; };
		03BA284E195308DF00A2EF82 /* btn_white_press@2x.png */ = {isa = PBXFileReference; lastKnownFileType = image.png; path = "btn_white_press@2x.png"; sourceTree = "<group>"; };
		03BA284F195308DF00A2EF82 /* mask@2x.png */ = {isa = PBXFileReference; lastKnownFileType = image.png; path = "mask@2x.png"; sourceTree = "<group>"; };
		03BA2850195308DF00A2EF82 /* role@2x.png */ = {isa = PBXFileReference; lastKnownFileType = image.png; path = "role@2x.png"; sourceTree = "<group>"; };
		03BA28E019530EF900A2EF82 /* Algeria.png */ = {isa = PBXFileReference; lastKnownFileType = image.png; path = Algeria.png; sourceTree = "<group>"; };
		03BA28E119530EF900A2EF82 /* Argentina.png */ = {isa = PBXFileReference; lastKnownFileType = image.png; path = Argentina.png; sourceTree = "<group>"; };
		03BA28E219530EF900A2EF82 /* Australia.png */ = {isa = PBXFileReference; lastKnownFileType = image.png; path = Australia.png; sourceTree = "<group>"; };
		03BA28E319530EF900A2EF82 /* Belgium.png */ = {isa = PBXFileReference; lastKnownFileType = image.png; path = Belgium.png; sourceTree = "<group>"; };
		03BA28E419530EF900A2EF82 /* Bosnia-And-Herzegovina.png */ = {isa = PBXFileReference; lastKnownFileType = image.png; path = "Bosnia-And-Herzegovina.png"; sourceTree = "<group>"; };
		03BA28E519530EF900A2EF82 /* Brazil.png */ = {isa = PBXFileReference; lastKnownFileType = image.png; path = Brazil.png; sourceTree = "<group>"; };
		03BA28E619530EF900A2EF82 /* Cameroon.png */ = {isa = PBXFileReference; lastKnownFileType = image.png; path = Cameroon.png; sourceTree = "<group>"; };
		03BA28E719530EF900A2EF82 /* Chile.png */ = {isa = PBXFileReference; lastKnownFileType = image.png; path = Chile.png; sourceTree = "<group>"; };
		03BA28E819530EF900A2EF82 /* Colombia.png */ = {isa = PBXFileReference; lastKnownFileType = image.png; path = Colombia.png; sourceTree = "<group>"; };
		03BA28E919530EF900A2EF82 /* Costa-Rica.png */ = {isa = PBXFileReference; lastKnownFileType = image.png; path = "Costa-Rica.png"; sourceTree = "<group>"; };
		03BA28EA19530EF900A2EF82 /* Côte-D'ivoire.png */ = {isa = PBXFileReference; lastKnownFileType = image.png; path = "Côte-D'ivoire.png"; sourceTree = "<group>"; };
		03BA28EB19530EF900A2EF82 /* Croatia.png */ = {isa = PBXFileReference; lastKnownFileType = image.png; path = Croatia.png; sourceTree = "<group>"; };
		03BA28EC19530EF900A2EF82 /* Ecuador.png */ = {isa = PBXFileReference; lastKnownFileType = image.png; path = Ecuador.png; sourceTree = "<group>"; };
		03BA28ED19530EF900A2EF82 /* England.png */ = {isa = PBXFileReference; lastKnownFileType = image.png; path = England.png; sourceTree = "<group>"; };
		03BA28EE19530EF900A2EF82 /* France.png */ = {isa = PBXFileReference; lastKnownFileType = image.png; path = France.png; sourceTree = "<group>"; };
		03BA28EF19530EF900A2EF82 /* Germany.png */ = {isa = PBXFileReference; lastKnownFileType = image.png; path = Germany.png; sourceTree = "<group>"; };
		03BA28F019530EF900A2EF82 /* Ghana.png */ = {isa = PBXFileReference; lastKnownFileType = image.png; path = Ghana.png; sourceTree = "<group>"; };
		03BA28F119530EF900A2EF82 /* Greece.png */ = {isa = PBXFileReference; lastKnownFileType = image.png; path = Greece.png; sourceTree = "<group>"; };
		03BA28F219530EF900A2EF82 /* Honduras.png */ = {isa = PBXFileReference; lastKnownFileType = image.png; path = Honduras.png; sourceTree = "<group>"; };
		03BA28F319530EF900A2EF82 /* Iran.png */ = {isa = PBXFileReference; lastKnownFileType = image.png; path = Iran.png; sourceTree = "<group>"; };
		03BA28F419530EF900A2EF82 /* Italy.png */ = {isa = PBXFileReference; lastKnownFileType = image.png; path = Italy.png; sourceTree = "<group>"; };
		03BA28F519530EF900A2EF82 /* Japan.png */ = {isa = PBXFileReference; lastKnownFileType = image.png; path = Japan.png; sourceTree = "<group>"; };
		03BA28F619530EF900A2EF82 /* Korea-Republic.png */ = {isa = PBXFileReference; lastKnownFileType = image.png; path = "Korea-Republic.png"; sourceTree = "<group>"; };
		03BA28F719530EF900A2EF82 /* Mexico.png */ = {isa = PBXFileReference; lastKnownFileType = image.png; path = Mexico.png; sourceTree = "<group>"; };
		03BA28F819530EF900A2EF82 /* Netherlands.png */ = {isa = PBXFileReference; lastKnownFileType = image.png; path = Netherlands.png; sourceTree = "<group>"; };
		03BA28F919530EF900A2EF82 /* Nigeria.png */ = {isa = PBXFileReference; lastKnownFileType = image.png; path = Nigeria.png; sourceTree = "<group>"; };
		03BA28FA19530EF900A2EF82 /* Portugal.png */ = {isa = PBXFileReference; lastKnownFileType = image.png; path = Portugal.png; sourceTree = "<group>"; };
		03BA28FB19530EF900A2EF82 /* Russia.png */ = {isa = PBXFileReference; lastKnownFileType = image.png; path = Russia.png; sourceTree = "<group>"; };
		03BA28FC19530EF900A2EF82 /* Spain.png */ = {isa = PBXFileReference; lastKnownFileType = image.png; path = Spain.png; sourceTree = "<group>"; };
		03BA28FD19530EF900A2EF82 /* Switzerland.png */ = {isa = PBXFileReference; lastKnownFileType = image.png; path = Switzerland.png; sourceTree = "<group>"; };
		03BA28FE19530EF900A2EF82 /* Uruguay.png */ = {isa = PBXFileReference; lastKnownFileType = image.png; path = Uruguay.png; sourceTree = "<group>"; };
		03BA28FF19530EF900A2EF82 /* Usa.png */ = {isa = PBXFileReference; lastKnownFileType = image.png; path = Usa.png; sourceTree = "<group>"; };
		189302D619568ABA00CD9D89 /* AFHTTPRequestOperation.h */ = {isa = PBXFileReference; fileEncoding = 4; lastKnownFileType = sourcecode.c.h; path = AFHTTPRequestOperation.h; sourceTree = "<group>"; };
		189302D719568ABA00CD9D89 /* AFHTTPRequestOperation.m */ = {isa = PBXFileReference; fileEncoding = 4; lastKnownFileType = sourcecode.c.objc; path = AFHTTPRequestOperation.m; sourceTree = "<group>"; };
		189302D819568ABA00CD9D89 /* AFHTTPRequestOperationManager.h */ = {isa = PBXFileReference; fileEncoding = 4; lastKnownFileType = sourcecode.c.h; path = AFHTTPRequestOperationManager.h; sourceTree = "<group>"; };
		189302D919568ABA00CD9D89 /* AFHTTPRequestOperationManager.m */ = {isa = PBXFileReference; fileEncoding = 4; lastKnownFileType = sourcecode.c.objc; path = AFHTTPRequestOperationManager.m; sourceTree = "<group>"; };
		189302DA19568ABA00CD9D89 /* AFHTTPSessionManager.h */ = {isa = PBXFileReference; fileEncoding = 4; lastKnownFileType = sourcecode.c.h; path = AFHTTPSessionManager.h; sourceTree = "<group>"; };
		189302DB19568ABA00CD9D89 /* AFHTTPSessionManager.m */ = {isa = PBXFileReference; fileEncoding = 4; lastKnownFileType = sourcecode.c.objc; path = AFHTTPSessionManager.m; sourceTree = "<group>"; };
		189302DC19568ABA00CD9D89 /* AFNetworking.h */ = {isa = PBXFileReference; fileEncoding = 4; lastKnownFileType = sourcecode.c.h; path = AFNetworking.h; sourceTree = "<group>"; };
		189302DD19568ABA00CD9D89 /* AFNetworkReachabilityManager.h */ = {isa = PBXFileReference; fileEncoding = 4; lastKnownFileType = sourcecode.c.h; path = AFNetworkReachabilityManager.h; sourceTree = "<group>"; };
		189302DE19568ABA00CD9D89 /* AFNetworkReachabilityManager.m */ = {isa = PBXFileReference; fileEncoding = 4; lastKnownFileType = sourcecode.c.objc; path = AFNetworkReachabilityManager.m; sourceTree = "<group>"; };
		189302DF19568ABA00CD9D89 /* AFSecurityPolicy.h */ = {isa = PBXFileReference; fileEncoding = 4; lastKnownFileType = sourcecode.c.h; path = AFSecurityPolicy.h; sourceTree = "<group>"; };
		189302E019568ABA00CD9D89 /* AFSecurityPolicy.m */ = {isa = PBXFileReference; fileEncoding = 4; lastKnownFileType = sourcecode.c.objc; path = AFSecurityPolicy.m; sourceTree = "<group>"; };
		189302E119568ABA00CD9D89 /* AFURLConnectionOperation.h */ = {isa = PBXFileReference; fileEncoding = 4; lastKnownFileType = sourcecode.c.h; path = AFURLConnectionOperation.h; sourceTree = "<group>"; };
		189302E219568ABA00CD9D89 /* AFURLConnectionOperation.m */ = {isa = PBXFileReference; fileEncoding = 4; lastKnownFileType = sourcecode.c.objc; path = AFURLConnectionOperation.m; sourceTree = "<group>"; };
		189302E319568ABA00CD9D89 /* AFURLRequestSerialization.h */ = {isa = PBXFileReference; fileEncoding = 4; lastKnownFileType = sourcecode.c.h; path = AFURLRequestSerialization.h; sourceTree = "<group>"; };
		189302E419568ABA00CD9D89 /* AFURLRequestSerialization.m */ = {isa = PBXFileReference; fileEncoding = 4; lastKnownFileType = sourcecode.c.objc; path = AFURLRequestSerialization.m; sourceTree = "<group>"; };
		189302E519568ABA00CD9D89 /* AFURLResponseSerialization.h */ = {isa = PBXFileReference; fileEncoding = 4; lastKnownFileType = sourcecode.c.h; path = AFURLResponseSerialization.h; sourceTree = "<group>"; };
		189302E619568ABA00CD9D89 /* AFURLResponseSerialization.m */ = {isa = PBXFileReference; fileEncoding = 4; lastKnownFileType = sourcecode.c.objc; path = AFURLResponseSerialization.m; sourceTree = "<group>"; };
		189302E719568ABA00CD9D89 /* AFURLSessionManager.h */ = {isa = PBXFileReference; fileEncoding = 4; lastKnownFileType = sourcecode.c.h; path = AFURLSessionManager.h; sourceTree = "<group>"; };
		189302E819568ABA00CD9D89 /* AFURLSessionManager.m */ = {isa = PBXFileReference; fileEncoding = 4; lastKnownFileType = sourcecode.c.objc; path = AFURLSessionManager.m; sourceTree = "<group>"; };
		189302EA19568ABA00CD9D89 /* MKAnnotationView+WebCache.h */ = {isa = PBXFileReference; fileEncoding = 4; lastKnownFileType = sourcecode.c.h; path = "MKAnnotationView+WebCache.h"; sourceTree = "<group>"; };
		189302EB19568ABA00CD9D89 /* MKAnnotationView+WebCache.m */ = {isa = PBXFileReference; fileEncoding = 4; lastKnownFileType = sourcecode.c.objc; path = "MKAnnotationView+WebCache.m"; sourceTree = "<group>"; };
		189302EC19568ABA00CD9D89 /* NSData+ImageContentType.h */ = {isa = PBXFileReference; fileEncoding = 4; lastKnownFileType = sourcecode.c.h; path = "NSData+ImageContentType.h"; sourceTree = "<group>"; };
		189302ED19568ABA00CD9D89 /* NSData+ImageContentType.m */ = {isa = PBXFileReference; fileEncoding = 4; lastKnownFileType = sourcecode.c.objc; path = "NSData+ImageContentType.m"; sourceTree = "<group>"; };
		189302EE19568ABA00CD9D89 /* SDImageCache.h */ = {isa = PBXFileReference; fileEncoding = 4; lastKnownFileType = sourcecode.c.h; path = SDImageCache.h; sourceTree = "<group>"; };
		189302EF19568ABA00CD9D89 /* SDImageCache.m */ = {isa = PBXFileReference; fileEncoding = 4; lastKnownFileType = sourcecode.c.objc; path = SDImageCache.m; sourceTree = "<group>"; };
		189302F019568ABA00CD9D89 /* SDWebImageCompat.h */ = {isa = PBXFileReference; fileEncoding = 4; lastKnownFileType = sourcecode.c.h; path = SDWebImageCompat.h; sourceTree = "<group>"; };
		189302F119568ABA00CD9D89 /* SDWebImageCompat.m */ = {isa = PBXFileReference; fileEncoding = 4; lastKnownFileType = sourcecode.c.objc; path = SDWebImageCompat.m; sourceTree = "<group>"; };
		189302F219568ABA00CD9D89 /* SDWebImageDecoder.h */ = {isa = PBXFileReference; fileEncoding = 4; lastKnownFileType = sourcecode.c.h; path = SDWebImageDecoder.h; sourceTree = "<group>"; };
		189302F319568ABA00CD9D89 /* SDWebImageDecoder.m */ = {isa = PBXFileReference; fileEncoding = 4; lastKnownFileType = sourcecode.c.objc; path = SDWebImageDecoder.m; sourceTree = "<group>"; };
		189302F419568ABA00CD9D89 /* SDWebImageDownloader.h */ = {isa = PBXFileReference; fileEncoding = 4; lastKnownFileType = sourcecode.c.h; path = SDWebImageDownloader.h; sourceTree = "<group>"; };
		189302F519568ABA00CD9D89 /* SDWebImageDownloader.m */ = {isa = PBXFileReference; fileEncoding = 4; lastKnownFileType = sourcecode.c.objc; path = SDWebImageDownloader.m; sourceTree = "<group>"; };
		189302F619568ABA00CD9D89 /* SDWebImageDownloaderOperation.h */ = {isa = PBXFileReference; fileEncoding = 4; lastKnownFileType = sourcecode.c.h; path = SDWebImageDownloaderOperation.h; sourceTree = "<group>"; };
		189302F719568ABA00CD9D89 /* SDWebImageDownloaderOperation.m */ = {isa = PBXFileReference; fileEncoding = 4; lastKnownFileType = sourcecode.c.objc; path = SDWebImageDownloaderOperation.m; sourceTree = "<group>"; };
		189302F819568ABA00CD9D89 /* SDWebImageManager.h */ = {isa = PBXFileReference; fileEncoding = 4; lastKnownFileType = sourcecode.c.h; path = SDWebImageManager.h; sourceTree = "<group>"; };
		189302F919568ABA00CD9D89 /* SDWebImageManager.m */ = {isa = PBXFileReference; fileEncoding = 4; lastKnownFileType = sourcecode.c.objc; path = SDWebImageManager.m; sourceTree = "<group>"; };
		189302FA19568ABA00CD9D89 /* SDWebImageOperation.h */ = {isa = PBXFileReference; fileEncoding = 4; lastKnownFileType = sourcecode.c.h; path = SDWebImageOperation.h; sourceTree = "<group>"; };
		189302FB19568ABA00CD9D89 /* SDWebImagePrefetcher.h */ = {isa = PBXFileReference; fileEncoding = 4; lastKnownFileType = sourcecode.c.h; path = SDWebImagePrefetcher.h; sourceTree = "<group>"; };
		189302FC19568ABA00CD9D89 /* SDWebImagePrefetcher.m */ = {isa = PBXFileReference; fileEncoding = 4; lastKnownFileType = sourcecode.c.objc; path = SDWebImagePrefetcher.m; sourceTree = "<group>"; };
		189302FD19568ABA00CD9D89 /* UIButton+WebCache.h */ = {isa = PBXFileReference; fileEncoding = 4; lastKnownFileType = sourcecode.c.h; path = "UIButton+WebCache.h"; sourceTree = "<group>"; };
		189302FE19568ABA00CD9D89 /* UIButton+WebCache.m */ = {isa = PBXFileReference; fileEncoding = 4; lastKnownFileType = sourcecode.c.objc; path = "UIButton+WebCache.m"; sourceTree = "<group>"; };
		189302FF19568ABA00CD9D89 /* UIImage+GIF.h */ = {isa = PBXFileReference; fileEncoding = 4; lastKnownFileType = sourcecode.c.h; path = "UIImage+GIF.h"; sourceTree = "<group>"; };
		1893030019568ABA00CD9D89 /* UIImage+GIF.m */ = {isa = PBXFileReference; fileEncoding = 4; lastKnownFileType = sourcecode.c.objc; path = "UIImage+GIF.m"; sourceTree = "<group>"; };
		1893030119568ABA00CD9D89 /* UIImage+MultiFormat.h */ = {isa = PBXFileReference; fileEncoding = 4; lastKnownFileType = sourcecode.c.h; path = "UIImage+MultiFormat.h"; sourceTree = "<group>"; };
		1893030219568ABA00CD9D89 /* UIImage+MultiFormat.m */ = {isa = PBXFileReference; fileEncoding = 4; lastKnownFileType = sourcecode.c.objc; path = "UIImage+MultiFormat.m"; sourceTree = "<group>"; };
		1893030319568ABA00CD9D89 /* UIImage+WebP.h */ = {isa = PBXFileReference; fileEncoding = 4; lastKnownFileType = sourcecode.c.h; path = "UIImage+WebP.h"; sourceTree = "<group>"; };
		1893030419568ABA00CD9D89 /* UIImage+WebP.m */ = {isa = PBXFileReference; fileEncoding = 4; lastKnownFileType = sourcecode.c.objc; path = "UIImage+WebP.m"; sourceTree = "<group>"; };
		1893030519568ABA00CD9D89 /* UIImageView+HighlightedWebCache.h */ = {isa = PBXFileReference; fileEncoding = 4; lastKnownFileType = sourcecode.c.h; path = "UIImageView+HighlightedWebCache.h"; sourceTree = "<group>"; };
		1893030619568ABA00CD9D89 /* UIImageView+HighlightedWebCache.m */ = {isa = PBXFileReference; fileEncoding = 4; lastKnownFileType = sourcecode.c.objc; path = "UIImageView+HighlightedWebCache.m"; sourceTree = "<group>"; };
		1893030719568ABA00CD9D89 /* UIImageView+WebCache.h */ = {isa = PBXFileReference; fileEncoding = 4; lastKnownFileType = sourcecode.c.h; path = "UIImageView+WebCache.h"; sourceTree = "<group>"; };
		1893030819568ABA00CD9D89 /* UIImageView+WebCache.m */ = {isa = PBXFileReference; fileEncoding = 4; lastKnownFileType = sourcecode.c.objc; path = "UIImageView+WebCache.m"; sourceTree = "<group>"; };
		43B3355E1950BD5F000E7442 /* WCLikeWho.app */ = {isa = PBXFileReference; explicitFileType = wrapper.application; includeInIndex = 0; path = WCLikeWho.app; sourceTree = BUILT_PRODUCTS_DIR; };
		43B335611950BD5F000E7442 /* Foundation.framework */ = {isa = PBXFileReference; lastKnownFileType = wrapper.framework; name = Foundation.framework; path = System/Library/Frameworks/Foundation.framework; sourceTree = SDKROOT; };
		43B335631950BD5F000E7442 /* CoreGraphics.framework */ = {isa = PBXFileReference; lastKnownFileType = wrapper.framework; name = CoreGraphics.framework; path = System/Library/Frameworks/CoreGraphics.framework; sourceTree = SDKROOT; };
		43B335651950BD5F000E7442 /* UIKit.framework */ = {isa = PBXFileReference; lastKnownFileType = wrapper.framework; name = UIKit.framework; path = System/Library/Frameworks/UIKit.framework; sourceTree = SDKROOT; };
		43B335691950BD5F000E7442 /* WCLikeWho-Info.plist */ = {isa = PBXFileReference; lastKnownFileType = text.plist.xml; path = "WCLikeWho-Info.plist"; sourceTree = "<group>"; };
		43B3356B1950BD5F000E7442 /* en */ = {isa = PBXFileReference; lastKnownFileType = text.plist.strings; name = en; path = en.lproj/InfoPlist.strings; sourceTree = "<group>"; };
		43B3356D1950BD5F000E7442 /* main.m */ = {isa = PBXFileReference; lastKnownFileType = sourcecode.c.objc; path = main.m; sourceTree = "<group>"; };
		43B3356F1950BD5F000E7442 /* WCLikeWho-Prefix.pch */ = {isa = PBXFileReference; lastKnownFileType = sourcecode.c.h; path = "WCLikeWho-Prefix.pch"; sourceTree = "<group>"; };
		43B335701950BD5F000E7442 /* WCAppDelegate.h */ = {isa = PBXFileReference; lastKnownFileType = sourcecode.c.h; path = WCAppDelegate.h; sourceTree = "<group>"; };
		43B335711950BD5F000E7442 /* WCAppDelegate.m */ = {isa = PBXFileReference; lastKnownFileType = sourcecode.c.objc; path = WCAppDelegate.m; sourceTree = "<group>"; };
		43B335741950BD5F000E7442 /* Base */ = {isa = PBXFileReference; lastKnownFileType = file.storyboard; name = Base; path = Base.lproj/Main_iPhone.storyboard; sourceTree = "<group>"; };
		43B335771950BD5F000E7442 /* Base */ = {isa = PBXFileReference; lastKnownFileType = file.storyboard; name = Base; path = Base.lproj/Main_iPad.storyboard; sourceTree = "<group>"; };
		43B335791950BD5F000E7442 /* WCViewController.h */ = {isa = PBXFileReference; lastKnownFileType = sourcecode.c.h; path = WCViewController.h; sourceTree = "<group>"; };
		43B3357A1950BD5F000E7442 /* WCViewController.m */ = {isa = PBXFileReference; lastKnownFileType = sourcecode.c.objc; path = WCViewController.m; sourceTree = "<group>"; };
		43B3357C1950BD5F000E7442 /* Images.xcassets */ = {isa = PBXFileReference; lastKnownFileType = folder.assetcatalog; path = Images.xcassets; sourceTree = "<group>"; };
		43B335821950BD60000E7442 /* WCLikeWhoTests.xctest */ = {isa = PBXFileReference; explicitFileType = wrapper.cfbundle; includeInIndex = 0; path = WCLikeWhoTests.xctest; sourceTree = BUILT_PRODUCTS_DIR; };
		43B335831950BD60000E7442 /* XCTest.framework */ = {isa = PBXFileReference; lastKnownFileType = wrapper.framework; name = XCTest.framework; path = Library/Frameworks/XCTest.framework; sourceTree = DEVELOPER_DIR; };
		43B3358B1950BD60000E7442 /* WCLikeWhoTests-Info.plist */ = {isa = PBXFileReference; lastKnownFileType = text.plist.xml; path = "WCLikeWhoTests-Info.plist"; sourceTree = "<group>"; };
		43B3358D1950BD60000E7442 /* en */ = {isa = PBXFileReference; lastKnownFileType = text.plist.strings; name = en; path = en.lproj/InfoPlist.strings; sourceTree = "<group>"; };
		43B3358F1950BD60000E7442 /* WCLikeWhoTests.m */ = {isa = PBXFileReference; lastKnownFileType = sourcecode.c.objc; path = WCLikeWhoTests.m; sourceTree = "<group>"; };
		43B3359A1950BF16000E7442 /* neymar.jpg */ = {isa = PBXFileReference; lastKnownFileType = image.jpeg; path = neymar.jpg; sourceTree = "<group>"; };
		43B3359D1950C201000E7442 /* ViewShare.h */ = {isa = PBXFileReference; fileEncoding = 4; lastKnownFileType = sourcecode.c.h; path = ViewShare.h; sourceTree = "<group>"; };
		43B3359E1950C201000E7442 /* ViewShare.m */ = {isa = PBXFileReference; fileEncoding = 4; lastKnownFileType = sourcecode.c.objc; path = ViewShare.m; sourceTree = "<group>"; };
/* End PBXFileReference section */

/* Begin PBXFrameworksBuildPhase section */
		43B3355B1950BD5F000E7442 /* Frameworks */ = {
			isa = PBXFrameworksBuildPhase;
			buildActionMask = 2147483647;
			files = (
				03BA282B1952D6E100A2EF82 /* SystemConfiguration.framework in Frameworks */,
				03BA28291952D6D200A2EF82 /* StoreKit.framework in Frameworks */,
				03BA28271952D6CB00A2EF82 /* MessageUI.framework in Frameworks */,
				03BA28251952D6C300A2EF82 /* CoreTelephony.framework in Frameworks */,
				43B335641950BD5F000E7442 /* CoreGraphics.framework in Frameworks */,
				03BA28231952D6AC00A2EF82 /* AVFoundation.framework in Frameworks */,
				03BA28211952D63900A2EF82 /* AudioToolbox.framework in Frameworks */,
				03BA281F1952D63100A2EF82 /* AdSupport.framework in Frameworks */,
				033E18C819519A2A00FEDA8D /* QuartzCore.framework in Frameworks */,
				0365E0C91952A9CE00A52E8F /* FacebookSDK.framework in Frameworks */,
				43B335661950BD5F000E7442 /* UIKit.framework in Frameworks */,
				43B335621950BD5F000E7442 /* Foundation.framework in Frameworks */,
				03BA281C1952D5F400A2EF82 /* libGoogleAdMobAds.a in Frameworks */,
			);
			runOnlyForDeploymentPostprocessing = 0;
		};
		43B3357F1950BD60000E7442 /* Frameworks */ = {
			isa = PBXFrameworksBuildPhase;
			buildActionMask = 2147483647;
			files = (
				43B335841950BD60000E7442 /* XCTest.framework in Frameworks */,
				43B335861950BD60000E7442 /* UIKit.framework in Frameworks */,
				43B335851950BD60000E7442 /* Foundation.framework in Frameworks */,
			);
			runOnlyForDeploymentPostprocessing = 0;
		};
/* End PBXFrameworksBuildPhase section */

/* Begin PBXGroup section */
		033E18C31951998500FEDA8D /* ViewPlay */ = {
			isa = PBXGroup;
			children = (
				033E18C4195199F300FEDA8D /* ViewPlayViewController.h */,
				033E18C5195199F300FEDA8D /* ViewPlayViewController.m */,
			);
			path = ViewPlay;
			sourceTree = "<group>";
		};
		033E18C919519A8800FEDA8D /* libs */ = {
			isa = PBXGroup;
			children = (
				189302D519568ABA00CD9D89 /* AFNetworking */,
				189302E919568ABA00CD9D89 /* SDWebImage */,
				03BA280D1952D5F400A2EF82 /* GoogleMobileAdsSdkiOS-6.9.2 */,
				0365E0C71952A9CE00A52E8F /* FacebookSDK */,
				033E18CA19519A8800FEDA8D /* ZCSlotMachine */,
			);
			path = libs;
			sourceTree = "<group>";
		};
		033E18CA19519A8800FEDA8D /* ZCSlotMachine */ = {
			isa = PBXGroup;
			children = (
				033E18CB19519A8800FEDA8D /* ZCSlotMachine.h */,
				033E18CC19519A8800FEDA8D /* ZCSlotMachine.m */,
			);
			path = ZCSlotMachine;
			sourceTree = "<group>";
		};
		033E18CE1951B6CF00FEDA8D /* API */ = {
			isa = PBXGroup;
			children = (
				033E18CF1951B6CF00FEDA8D /* API.h */,
				033E18D01951B6CF00FEDA8D /* API.m */,
			);
			path = API;
			sourceTree = "<group>";
		};
		0365E0C71952A9CE00A52E8F /* FacebookSDK */ = {
			isa = PBXGroup;
			children = (
				0365E0C81952A9CE00A52E8F /* FacebookSDK.framework */,
			);
			path = FacebookSDK;
			sourceTree = "<group>";
		};
		03744427195417F700690E53 /* SharePage */ = {
			isa = PBXGroup;
			children = (
				03744428195417F700690E53 /* 1x */,
				03744430195417F700690E53 /* 2x */,
			);
			path = SharePage;
			sourceTree = "<group>";
		};
		03744428195417F700690E53 /* 1x */ = {
			isa = PBXGroup;
			children = (
				03744429195417F700690E53 /* bg_share.png */,
				0374442A195417F700690E53 /* btn_brown.png */,
				0374442B195417F700690E53 /* btn_brown_press.png */,
				0374442C195417F700690E53 /* btn_facebook.png */,
				0374442D195417F700690E53 /* btn_facebook_press.png */,
				0374442E195417F700690E53 /* btn_white_small.png */,
				0374442F195417F700690E53 /* btn_white_small_press.png */,
			);
			path = 1x;
			sourceTree = "<group>";
		};
		03744430195417F700690E53 /* 2x */ = {
			isa = PBXGroup;
			children = (
				03744431195417F700690E53 /* bg_share@2x.png */,
				03744432195417F700690E53 /* btn_brown@2x.png */,
				03744433195417F700690E53 /* btn_brown_press@2x.png */,
				03744434195417F700690E53 /* btn_facebook@2x.png */,
				03744435195417F700690E53 /* btn_facebook_press@2x.png */,
				03744436195417F700690E53 /* btn_white_small@2x.png */,
				03744437195417F700690E53 /* btn_white_small_press@2x.png */,
			);
			path = 2x;
			sourceTree = "<group>";
		};
		0374444D1954200D00690E53 /* Player */ = {
			isa = PBXGroup;
			children = (
				0374444E1954200D00690E53 /* 1x */,
				037444501954200D00690E53 /* 2x */,
			);
			path = Player;
			sourceTree = "<group>";
		};
		0374444E1954200D00690E53 /* 1x */ = {
			isa = PBXGroup;
			children = (
				0374444F1954200D00690E53 /* Didier Drogba.png */,
			);
			path = 1x;
			sourceTree = "<group>";
		};
		037444501954200D00690E53 /* 2x */ = {
			isa = PBXGroup;
			children = (
				037444511954200D00690E53 /* Didier Drogba@2x.png */,
			);
			path = 2x;
			sourceTree = "<group>";
		};
		03BA280D1952D5F400A2EF82 /* GoogleMobileAdsSdkiOS-6.9.2 */ = {
			isa = PBXGroup;
			children = (
				03BA280E1952D5F400A2EF82 /* GADAdMobExtras.h */,
				03BA280F1952D5F400A2EF82 /* GADAdNetworkExtras.h */,
				03BA28101952D5F400A2EF82 /* GADAdSize.h */,
				03BA28111952D5F400A2EF82 /* GADBannerView.h */,
				03BA28121952D5F400A2EF82 /* GADBannerViewDelegate.h */,
				03BA28131952D5F400A2EF82 /* GADInAppPurchase.h */,
				03BA28141952D5F400A2EF82 /* GADInAppPurchaseDelegate.h */,
				03BA28151952D5F400A2EF82 /* GADInterstitial.h */,
				03BA28161952D5F400A2EF82 /* GADInterstitialDelegate.h */,
				03BA28171952D5F400A2EF82 /* GADModules.h */,
				03BA28181952D5F400A2EF82 /* GADRequest.h */,
				03BA28191952D5F400A2EF82 /* GADRequestError.h */,
				03BA281A1952D5F400A2EF82 /* libGoogleAdMobAds.a */,
				03BA281B1952D5F400A2EF82 /* README.txt */,
			);
			path = "GoogleMobileAdsSdkiOS-6.9.2";
			sourceTree = "<group>";
		};
		03BA282C1952F7E800A2EF82 /* Fonts */ = {
			isa = PBXGroup;
			children = (
				03BA282D1952F7E800A2EF82 /* Context Reprise Light SSi Extra Light.ttf */,
				03BA282E1952F7E800A2EF82 /* Context Reprise Light SSi Light.ttf */,
			);
			path = Fonts;
			sourceTree = "<group>";
		};
		03BA28311952F99400A2EF82 /* MainPage */ = {
			isa = PBXGroup;
			children = (
				03BA28321952F99400A2EF82 /* 1x */,
				03BA28371952F99400A2EF82 /* 2x */,
			);
			path = MainPage;
			sourceTree = "<group>";
		};
		03BA28321952F99400A2EF82 /* 1x */ = {
			isa = PBXGroup;
			children = (
				03BA28331952F99400A2EF82 /* btn_female_normal.png */,
				03BA28341952F99400A2EF82 /* btn_female_pressed.png */,
				03BA28351952F99400A2EF82 /* btn_male_normal.png */,
				03BA28361952F99400A2EF82 /* btn_male_pressed.png */,
			);
			path = 1x;
			sourceTree = "<group>";
		};
		03BA28371952F99400A2EF82 /* 2x */ = {
			isa = PBXGroup;
			children = (
				03BA28381952F99400A2EF82 /* btn_female_normal@2x.png */,
				03BA28391952F99400A2EF82 /* btn_female_pressed@2x.png */,
				03BA283A1952F99400A2EF82 /* btn_male_normal@2x.png */,
				03BA283B1952F99400A2EF82 /* btn_male_pressed@2x.png */,
			);
			path = 2x;
			sourceTree = "<group>";
		};
		03BA2844195308DF00A2EF82 /* SlotPage */ = {
			isa = PBXGroup;
			children = (
				03BA2845195308DF00A2EF82 /* 1x */,
				03BA284B195308DF00A2EF82 /* 2x */,
			);
			path = SlotPage;
			sourceTree = "<group>";
		};
		03BA2845195308DF00A2EF82 /* 1x */ = {
			isa = PBXGroup;
			children = (
				03BA2846195308DF00A2EF82 /* btn_back.png */,
				03BA2847195308DF00A2EF82 /* btn_white.png */,
				03BA2848195308DF00A2EF82 /* btn_white_press.png */,
				03BA2849195308DF00A2EF82 /* mask.png */,
				03BA284A195308DF00A2EF82 /* role.png */,
			);
			path = 1x;
			sourceTree = "<group>";
		};
		03BA284B195308DF00A2EF82 /* 2x */ = {
			isa = PBXGroup;
			children = (
				03BA284C195308DF00A2EF82 /* btn_back@2x.png */,
				03BA284D195308DF00A2EF82 /* btn_white@2x.png */,
				03BA284E195308DF00A2EF82 /* btn_white_press@2x.png */,
				03BA284F195308DF00A2EF82 /* mask@2x.png */,
				03BA2850195308DF00A2EF82 /* role@2x.png */,
			);
			path = 2x;
			sourceTree = "<group>";
		};
		03BA28DF19530EF900A2EF82 /* Flags */ = {
			isa = PBXGroup;
			children = (
				03BA28E019530EF900A2EF82 /* Algeria.png */,
				03BA28E119530EF900A2EF82 /* Argentina.png */,
				03BA28E219530EF900A2EF82 /* Australia.png */,
				03BA28E319530EF900A2EF82 /* Belgium.png */,
				03BA28E419530EF900A2EF82 /* Bosnia-And-Herzegovina.png */,
				03BA28E519530EF900A2EF82 /* Brazil.png */,
				03BA28E619530EF900A2EF82 /* Cameroon.png */,
				03BA28E719530EF900A2EF82 /* Chile.png */,
				03BA28E819530EF900A2EF82 /* Colombia.png */,
				03BA28E919530EF900A2EF82 /* Costa-Rica.png */,
				03BA28EA19530EF900A2EF82 /* Côte-D'ivoire.png */,
				03BA28EB19530EF900A2EF82 /* Croatia.png */,
				03BA28EC19530EF900A2EF82 /* Ecuador.png */,
				03BA28ED19530EF900A2EF82 /* England.png */,
				03BA28EE19530EF900A2EF82 /* France.png */,
				03BA28EF19530EF900A2EF82 /* Germany.png */,
				03BA28F019530EF900A2EF82 /* Ghana.png */,
				03BA28F119530EF900A2EF82 /* Greece.png */,
				03BA28F219530EF900A2EF82 /* Honduras.png */,
				03BA28F319530EF900A2EF82 /* Iran.png */,
				03BA28F419530EF900A2EF82 /* Italy.png */,
				03BA28F519530EF900A2EF82 /* Japan.png */,
				03BA28F619530EF900A2EF82 /* Korea-Republic.png */,
				03BA28F719530EF900A2EF82 /* Mexico.png */,
				03BA28F819530EF900A2EF82 /* Netherlands.png */,
				03BA28F919530EF900A2EF82 /* Nigeria.png */,
				03BA28FA19530EF900A2EF82 /* Portugal.png */,
				03BA28FB19530EF900A2EF82 /* Russia.png */,
				03BA28FC19530EF900A2EF82 /* Spain.png */,
				03BA28FD19530EF900A2EF82 /* Switzerland.png */,
				03BA28FE19530EF900A2EF82 /* Uruguay.png */,
				03BA28FF19530EF900A2EF82 /* Usa.png */,
			);
			path = Flags;
			sourceTree = "<group>";
		};
		189302D519568ABA00CD9D89 /* AFNetworking */ = {
			isa = PBXGroup;
			children = (
				189302D619568ABA00CD9D89 /* AFHTTPRequestOperation.h */,
				189302D719568ABA00CD9D89 /* AFHTTPRequestOperation.m */,
				189302D819568ABA00CD9D89 /* AFHTTPRequestOperationManager.h */,
				189302D919568ABA00CD9D89 /* AFHTTPRequestOperationManager.m */,
				189302DA19568ABA00CD9D89 /* AFHTTPSessionManager.h */,
				189302DB19568ABA00CD9D89 /* AFHTTPSessionManager.m */,
				189302DC19568ABA00CD9D89 /* AFNetworking.h */,
				189302DD19568ABA00CD9D89 /* AFNetworkReachabilityManager.h */,
				189302DE19568ABA00CD9D89 /* AFNetworkReachabilityManager.m */,
				189302DF19568ABA00CD9D89 /* AFSecurityPolicy.h */,
				189302E019568ABA00CD9D89 /* AFSecurityPolicy.m */,
				189302E119568ABA00CD9D89 /* AFURLConnectionOperation.h */,
				189302E219568ABA00CD9D89 /* AFURLConnectionOperation.m */,
				189302E319568ABA00CD9D89 /* AFURLRequestSerialization.h */,
				189302E419568ABA00CD9D89 /* AFURLRequestSerialization.m */,
				189302E519568ABA00CD9D89 /* AFURLResponseSerialization.h */,
				189302E619568ABA00CD9D89 /* AFURLResponseSerialization.m */,
				189302E719568ABA00CD9D89 /* AFURLSessionManager.h */,
				189302E819568ABA00CD9D89 /* AFURLSessionManager.m */,
			);
			path = AFNetworking;
			sourceTree = "<group>";
		};
		189302E919568ABA00CD9D89 /* SDWebImage */ = {
			isa = PBXGroup;
			children = (
				189302EA19568ABA00CD9D89 /* MKAnnotationView+WebCache.h */,
				189302EB19568ABA00CD9D89 /* MKAnnotationView+WebCache.m */,
				189302EC19568ABA00CD9D89 /* NSData+ImageContentType.h */,
				189302ED19568ABA00CD9D89 /* NSData+ImageContentType.m */,
				189302EE19568ABA00CD9D89 /* SDImageCache.h */,
				189302EF19568ABA00CD9D89 /* SDImageCache.m */,
				189302F019568ABA00CD9D89 /* SDWebImageCompat.h */,
				189302F119568ABA00CD9D89 /* SDWebImageCompat.m */,
				189302F219568ABA00CD9D89 /* SDWebImageDecoder.h */,
				189302F319568ABA00CD9D89 /* SDWebImageDecoder.m */,
				189302F419568ABA00CD9D89 /* SDWebImageDownloader.h */,
				189302F519568ABA00CD9D89 /* SDWebImageDownloader.m */,
				189302F619568ABA00CD9D89 /* SDWebImageDownloaderOperation.h */,
				189302F719568ABA00CD9D89 /* SDWebImageDownloaderOperation.m */,
				189302F819568ABA00CD9D89 /* SDWebImageManager.h */,
				189302F919568ABA00CD9D89 /* SDWebImageManager.m */,
				189302FA19568ABA00CD9D89 /* SDWebImageOperation.h */,
				189302FB19568ABA00CD9D89 /* SDWebImagePrefetcher.h */,
				189302FC19568ABA00CD9D89 /* SDWebImagePrefetcher.m */,
				189302FD19568ABA00CD9D89 /* UIButton+WebCache.h */,
				189302FE19568ABA00CD9D89 /* UIButton+WebCache.m */,
				189302FF19568ABA00CD9D89 /* UIImage+GIF.h */,
				1893030019568ABA00CD9D89 /* UIImage+GIF.m */,
				1893030119568ABA00CD9D89 /* UIImage+MultiFormat.h */,
				1893030219568ABA00CD9D89 /* UIImage+MultiFormat.m */,
				1893030319568ABA00CD9D89 /* UIImage+WebP.h */,
				1893030419568ABA00CD9D89 /* UIImage+WebP.m */,
				1893030519568ABA00CD9D89 /* UIImageView+HighlightedWebCache.h */,
				1893030619568ABA00CD9D89 /* UIImageView+HighlightedWebCache.m */,
				1893030719568ABA00CD9D89 /* UIImageView+WebCache.h */,
				1893030819568ABA00CD9D89 /* UIImageView+WebCache.m */,
			);
			path = SDWebImage;
			sourceTree = "<group>";
		};
		43B335551950BD5F000E7442 = {
			isa = PBXGroup;
			children = (
				43B335671950BD5F000E7442 /* WCLikeWho */,
				43B335891950BD60000E7442 /* WCLikeWhoTests */,
				43B335601950BD5F000E7442 /* Frameworks */,
				43B3355F1950BD5F000E7442 /* Products */,
			);
			sourceTree = "<group>";
		};
		43B3355F1950BD5F000E7442 /* Products */ = {
			isa = PBXGroup;
			children = (
				43B3355E1950BD5F000E7442 /* WCLikeWho.app */,
				43B335821950BD60000E7442 /* WCLikeWhoTests.xctest */,
			);
			name = Products;
			sourceTree = "<group>";
		};
		43B335601950BD5F000E7442 /* Frameworks */ = {
			isa = PBXGroup;
			children = (
				03BA282A1952D6E100A2EF82 /* SystemConfiguration.framework */,
				03BA28281952D6D200A2EF82 /* StoreKit.framework */,
				03BA28261952D6CB00A2EF82 /* MessageUI.framework */,
				03BA28241952D6C300A2EF82 /* CoreTelephony.framework */,
				03BA28221952D6AC00A2EF82 /* AVFoundation.framework */,
				03BA28201952D63900A2EF82 /* AudioToolbox.framework */,
				03BA281E1952D63100A2EF82 /* AdSupport.framework */,
				033E18C719519A2A00FEDA8D /* QuartzCore.framework */,
				43B335611950BD5F000E7442 /* Foundation.framework */,
				43B335631950BD5F000E7442 /* CoreGraphics.framework */,
				43B335651950BD5F000E7442 /* UIKit.framework */,
				43B335831950BD60000E7442 /* XCTest.framework */,
			);
			name = Frameworks;
			sourceTree = "<group>";
		};
		43B335671950BD5F000E7442 /* WCLikeWho */ = {
			isa = PBXGroup;
			children = (
				03BA282C1952F7E800A2EF82 /* Fonts */,
				033E18C919519A8800FEDA8D /* libs */,
				43B335991950BF16000E7442 /* Images */,
				43B335731950BD5F000E7442 /* Main_iPhone.storyboard */,
				43B335761950BD5F000E7442 /* Main_iPad.storyboard */,
				43B3359C1950C1EA000E7442 /* ViewShare */,
				033E18C31951998500FEDA8D /* ViewPlay */,
				033E18CE1951B6CF00FEDA8D /* API */,
				43B335701950BD5F000E7442 /* WCAppDelegate.h */,
				43B335711950BD5F000E7442 /* WCAppDelegate.m */,
				43B335791950BD5F000E7442 /* WCViewController.h */,
				43B3357A1950BD5F000E7442 /* WCViewController.m */,
				43B3357C1950BD5F000E7442 /* Images.xcassets */,
				43B335681950BD5F000E7442 /* Supporting Files */,
			);
			path = WCLikeWho;
			sourceTree = "<group>";
		};
		43B335681950BD5F000E7442 /* Supporting Files */ = {
			isa = PBXGroup;
			children = (
				43B335691950BD5F000E7442 /* WCLikeWho-Info.plist */,
				43B3356A1950BD5F000E7442 /* InfoPlist.strings */,
				43B3356D1950BD5F000E7442 /* main.m */,
				43B3356F1950BD5F000E7442 /* WCLikeWho-Prefix.pch */,
			);
			name = "Supporting Files";
			sourceTree = "<group>";
		};
		43B335891950BD60000E7442 /* WCLikeWhoTests */ = {
			isa = PBXGroup;
			children = (
				43B3358F1950BD60000E7442 /* WCLikeWhoTests.m */,
				43B3358A1950BD60000E7442 /* Supporting Files */,
			);
			path = WCLikeWhoTests;
			sourceTree = "<group>";
		};
		43B3358A1950BD60000E7442 /* Supporting Files */ = {
			isa = PBXGroup;
			children = (
				43B3358B1950BD60000E7442 /* WCLikeWhoTests-Info.plist */,
				43B3358C1950BD60000E7442 /* InfoPlist.strings */,
			);
			name = "Supporting Files";
			sourceTree = "<group>";
		};
		43B335991950BF16000E7442 /* Images */ = {
			isa = PBXGroup;
			children = (
				0374444D1954200D00690E53 /* Player */,
				03744427195417F700690E53 /* SharePage */,
				03BA28DF19530EF900A2EF82 /* Flags */,
				03BA2844195308DF00A2EF82 /* SlotPage */,
				03BA28311952F99400A2EF82 /* MainPage */,
				43B3359A1950BF16000E7442 /* neymar.jpg */,
				033E18B31951979600FEDA8D /* Batman@2x.png */,
				033E18B41951979600FEDA8D /* Doraemon@2x.png */,
				033E18B51951979600FEDA8D /* Mario@2x.png */,
				033E18B61951979600FEDA8D /* Nobi Nobita@2x.png */,
				033E18B71951979600FEDA8D /* SlotMachineBackground@2x.png */,
				033E18B81951979600FEDA8D /* SlotMachineCover@2x.png */,
				033E18B91951979600FEDA8D /* StartBtn_H@2x.png */,
				033E18BA1951979600FEDA8D /* StartBtn_N@2x.png */,
			);
			path = Images;
			sourceTree = "<group>";
		};
		43B3359C1950C1EA000E7442 /* ViewShare */ = {
			isa = PBXGroup;
			children = (
				43B3359D1950C201000E7442 /* ViewShare.h */,
				43B3359E1950C201000E7442 /* ViewShare.m */,
			);
			path = ViewShare;
			sourceTree = "<group>";
		};
/* End PBXGroup section */

/* Begin PBXNativeTarget section */
		43B3355D1950BD5F000E7442 /* WCLikeWho */ = {
			isa = PBXNativeTarget;
			buildConfigurationList = 43B335931950BD60000E7442 /* Build configuration list for PBXNativeTarget "WCLikeWho" */;
			buildPhases = (
				43B3355A1950BD5F000E7442 /* Sources */,
				43B3355B1950BD5F000E7442 /* Frameworks */,
				43B3355C1950BD5F000E7442 /* Resources */,
			);
			buildRules = (
			);
			dependencies = (
			);
			name = WCLikeWho;
			productName = WCLikeWho;
			productReference = 43B3355E1950BD5F000E7442 /* WCLikeWho.app */;
			productType = "com.apple.product-type.application";
		};
		43B335811950BD60000E7442 /* WCLikeWhoTests */ = {
			isa = PBXNativeTarget;
			buildConfigurationList = 43B335961950BD60000E7442 /* Build configuration list for PBXNativeTarget "WCLikeWhoTests" */;
			buildPhases = (
				43B3357E1950BD60000E7442 /* Sources */,
				43B3357F1950BD60000E7442 /* Frameworks */,
				43B335801950BD60000E7442 /* Resources */,
			);
			buildRules = (
			);
			dependencies = (
				43B335881950BD60000E7442 /* PBXTargetDependency */,
			);
			name = WCLikeWhoTests;
			productName = WCLikeWhoTests;
			productReference = 43B335821950BD60000E7442 /* WCLikeWhoTests.xctest */;
			productType = "com.apple.product-type.bundle.unit-test";
		};
/* End PBXNativeTarget section */

/* Begin PBXProject section */
		43B335561950BD5F000E7442 /* Project object */ = {
			isa = PBXProject;
			attributes = {
				CLASSPREFIX = WC;
				LastUpgradeCheck = 0510;
				ORGANIZATIONNAME = hlpth;
				TargetAttributes = {
					43B335811950BD60000E7442 = {
						TestTargetID = 43B3355D1950BD5F000E7442;
					};
				};
			};
			buildConfigurationList = 43B335591950BD5F000E7442 /* Build configuration list for PBXProject "WCLikeWho" */;
			compatibilityVersion = "Xcode 3.2";
			developmentRegion = English;
			hasScannedForEncodings = 0;
			knownRegions = (
				en,
				Base,
			);
			mainGroup = 43B335551950BD5F000E7442;
			productRefGroup = 43B3355F1950BD5F000E7442 /* Products */;
			projectDirPath = "";
			projectRoot = "";
			targets = (
				43B3355D1950BD5F000E7442 /* WCLikeWho */,
				43B335811950BD60000E7442 /* WCLikeWhoTests */,
			);
		};
/* End PBXProject section */

/* Begin PBXResourcesBuildPhase section */
		43B3355C1950BD5F000E7442 /* Resources */ = {
			isa = PBXResourcesBuildPhase;
			buildActionMask = 2147483647;
			files = (
				0374443B195417F700690E53 /* btn_facebook.png in Resources */,
				03BA2856195308DF00A2EF82 /* btn_back@2x.png in Resources */,
				0374443D195417F700690E53 /* btn_white_small.png in Resources */,
				43B335781950BD5F000E7442 /* Main_iPad.storyboard in Resources */,
				033E18BD1951979600FEDA8D /* Mario@2x.png in Resources */,
				03BA2858195308DF00A2EF82 /* btn_white_press@2x.png in Resources */,
				03BA290C19530EF900A2EF82 /* Ecuador.png in Resources */,
				03744443195417F700690E53 /* btn_facebook_press@2x.png in Resources */,
				03BA290619530EF900A2EF82 /* Cameroon.png in Resources */,
				033E18BE1951979600FEDA8D /* Nobi Nobita@2x.png in Resources */,
				03BA291819530EF900A2EF82 /* Netherlands.png in Resources */,
				03BA28431952F99400A2EF82 /* btn_male_pressed@2x.png in Resources */,
				03BA283E1952F99400A2EF82 /* btn_male_normal.png in Resources */,
				43B3357D1950BD5F000E7442 /* Images.xcassets in Resources */,
				0374443E195417F700690E53 /* btn_white_small_press.png in Resources */,
				03BA283C1952F99400A2EF82 /* btn_female_normal.png in Resources */,
				03BA2854195308DF00A2EF82 /* mask.png in Resources */,
				03744445195417F700690E53 /* btn_white_small_press@2x.png in Resources */,
				03BA28411952F99400A2EF82 /* btn_female_pressed@2x.png in Resources */,
				03BA290E19530EF900A2EF82 /* France.png in Resources */,
				03BA291019530EF900A2EF82 /* Ghana.png in Resources */,
				43B335751950BD5F000E7442 /* Main_iPhone.storyboard in Resources */,
				03BA2851195308DF00A2EF82 /* btn_back.png in Resources */,
				03BA2855195308DF00A2EF82 /* role.png in Resources */,
				03BA291219530EF900A2EF82 /* Honduras.png in Resources */,
				03BA28301952F7E800A2EF82 /* Context Reprise Light SSi Light.ttf in Resources */,
				033E18C01951979600FEDA8D /* SlotMachineCover@2x.png in Resources */,
				03BA290019530EF900A2EF82 /* Algeria.png in Resources */,
				03BA291E19530EF900A2EF82 /* Uruguay.png in Resources */,
				43B3356C1950BD5F000E7442 /* InfoPlist.strings in Resources */,
				033E18C11951979600FEDA8D /* StartBtn_H@2x.png in Resources */,
				03BA291D19530EF900A2EF82 /* Switzerland.png in Resources */,
				03744442195417F700690E53 /* btn_facebook@2x.png in Resources */,
				033E18BC1951979600FEDA8D /* Doraemon@2x.png in Resources */,
				03BA283D1952F99400A2EF82 /* btn_female_pressed.png in Resources */,
				033E18C21951979600FEDA8D /* StartBtn_N@2x.png in Resources */,
				03744438195417F700690E53 /* bg_share.png in Resources */,
				03BA291319530EF900A2EF82 /* Iran.png in Resources */,
				03BA28401952F99400A2EF82 /* btn_female_normal@2x.png in Resources */,
				43B3359B1950BF16000E7442 /* neymar.jpg in Resources */,
				03BA291F19530EF900A2EF82 /* Usa.png in Resources */,
				03BA291619530EF900A2EF82 /* Korea-Republic.png in Resources */,
				0374443F195417F700690E53 /* bg_share@2x.png in Resources */,
				03BA291119530EF900A2EF82 /* Greece.png in Resources */,
				03BA2853195308DF00A2EF82 /* btn_white_press.png in Resources */,
				03BA290519530EF900A2EF82 /* Brazil.png in Resources */,
				03BA291719530EF900A2EF82 /* Mexico.png in Resources */,
				03BA290919530EF900A2EF82 /* Costa-Rica.png in Resources */,
				03BA291919530EF900A2EF82 /* Nigeria.png in Resources */,
				03744440195417F700690E53 /* btn_brown@2x.png in Resources */,
				03BA290319530EF900A2EF82 /* Belgium.png in Resources */,
				03744439195417F700690E53 /* btn_brown.png in Resources */,
				037444521954200D00690E53 /* Didier Drogba.png in Resources */,
				03BA290219530EF900A2EF82 /* Australia.png in Resources */,
				0374443A195417F700690E53 /* btn_brown_press.png in Resources */,
				037444531954200D00690E53 /* Didier Drogba@2x.png in Resources */,
				03BA28421952F99400A2EF82 /* btn_male_normal@2x.png in Resources */,
				03BA290819530EF900A2EF82 /* Colombia.png in Resources */,
				03BA290A19530EF900A2EF82 /* Côte-D'ivoire.png in Resources */,
				03BA282F1952F7E800A2EF82 /* Context Reprise Light SSi Extra Light.ttf in Resources */,
				03BA291C19530EF900A2EF82 /* Spain.png in Resources */,
				03BA290719530EF900A2EF82 /* Chile.png in Resources */,
				03BA290B19530EF900A2EF82 /* Croatia.png in Resources */,
				033E18BF1951979600FEDA8D /* SlotMachineBackground@2x.png in Resources */,
				03BA290F19530EF900A2EF82 /* Germany.png in Resources */,
				03BA2859195308DF00A2EF82 /* mask@2x.png in Resources */,
				03BA290D19530EF900A2EF82 /* England.png in Resources */,
				0374443C195417F700690E53 /* btn_facebook_press.png in Resources */,
				03BA285A195308DF00A2EF82 /* role@2x.png in Resources */,
				03BA281D1952D5F400A2EF82 /* README.txt in Resources */,
				03BA283F1952F99400A2EF82 /* btn_male_pressed.png in Resources */,
				03BA290419530EF900A2EF82 /* Bosnia-And-Herzegovina.png in Resources */,
				03BA291B19530EF900A2EF82 /* Russia.png in Resources */,
				03BA291A19530EF900A2EF82 /* Portugal.png in Resources */,
				03BA2852195308DF00A2EF82 /* btn_white.png in Resources */,
				03744441195417F700690E53 /* btn_brown_press@2x.png in Resources */,
				03BA291419530EF900A2EF82 /* Italy.png in Resources */,
				03BA290119530EF900A2EF82 /* Argentina.png in Resources */,
				033E18BB1951979600FEDA8D /* Batman@2x.png in Resources */,
				03744444195417F700690E53 /* btn_white_small@2x.png in Resources */,
				03BA291519530EF900A2EF82 /* Japan.png in Resources */,
				03BA2857195308DF00A2EF82 /* btn_white@2x.png in Resources */,
			);
			runOnlyForDeploymentPostprocessing = 0;
		};
		43B335801950BD60000E7442 /* Resources */ = {
			isa = PBXResourcesBuildPhase;
			buildActionMask = 2147483647;
			files = (
				43B3358E1950BD60000E7442 /* InfoPlist.strings in Resources */,
			);
			runOnlyForDeploymentPostprocessing = 0;
		};
/* End PBXResourcesBuildPhase section */

/* Begin PBXSourcesBuildPhase section */
		43B3355A1950BD5F000E7442 /* Sources */ = {
			isa = PBXSourcesBuildPhase;
			buildActionMask = 2147483647;
			files = (
				1893031C19568ABA00CD9D89 /* UIImage+GIF.m in Sources */,
				1893030E19568ABA00CD9D89 /* AFURLConnectionOperation.m in Sources */,
				033E18C6195199F300FEDA8D /* ViewPlayViewController.m in Sources */,
				43B3359F1950C201000E7442 /* ViewShare.m in Sources */,
				033E18CD19519A8800FEDA8D /* ZCSlotMachine.m in Sources */,
				1893031E19568ABA00CD9D89 /* UIImage+WebP.m in Sources */,
				1893031319568ABA00CD9D89 /* NSData+ImageContentType.m in Sources */,
				1893031019568ABA00CD9D89 /* AFURLResponseSerialization.m in Sources */,
				43B3357B1950BD5F000E7442 /* WCViewController.m in Sources */,
				1893031619568ABA00CD9D89 /* SDWebImageDecoder.m in Sources */,
				1893030F19568ABA00CD9D89 /* AFURLRequestSerialization.m in Sources */,
				1893031B19568ABA00CD9D89 /* UIButton+WebCache.m in Sources */,
				1893031919568ABA00CD9D89 /* SDWebImageManager.m in Sources */,
				1893030D19568ABA00CD9D89 /* AFSecurityPolicy.m in Sources */,
				1893032019568ABA00CD9D89 /* UIImageView+WebCache.m in Sources */,
				1893030919568ABA00CD9D89 /* AFHTTPRequestOperation.m in Sources */,
				1893031119568ABA00CD9D89 /* AFURLSessionManager.m in Sources */,
				43B335721950BD5F000E7442 /* WCAppDelegate.m in Sources */,
				033E18D11951B6CF00FEDA8D /* API.m in Sources */,
				1893031F19568ABA00CD9D89 /* UIImageView+HighlightedWebCache.m in Sources */,
				1893031719568ABA00CD9D89 /* SDWebImageDownloader.m in Sources */,
				1893031A19568ABA00CD9D89 /* SDWebImagePrefetcher.m in Sources */,
				1893030B19568ABA00CD9D89 /* AFHTTPSessionManager.m in Sources */,
				1893031419568ABA00CD9D89 /* SDImageCache.m in Sources */,
				1893031819568ABA00CD9D89 /* SDWebImageDownloaderOperation.m in Sources */,
				43B3356E1950BD5F000E7442 /* main.m in Sources */,
				1893031219568ABA00CD9D89 /* MKAnnotationView+WebCache.m in Sources */,
				1893031D19568ABA00CD9D89 /* UIImage+MultiFormat.m in Sources */,
				1893031519568ABA00CD9D89 /* SDWebImageCompat.m in Sources */,
				1893030C19568ABA00CD9D89 /* AFNetworkReachabilityManager.m in Sources */,
				1893030A19568ABA00CD9D89 /* AFHTTPRequestOperationManager.m in Sources */,
			);
			runOnlyForDeploymentPostprocessing = 0;
		};
		43B3357E1950BD60000E7442 /* Sources */ = {
			isa = PBXSourcesBuildPhase;
			buildActionMask = 2147483647;
			files = (
				43B335901950BD60000E7442 /* WCLikeWhoTests.m in Sources */,
			);
			runOnlyForDeploymentPostprocessing = 0;
		};
/* End PBXSourcesBuildPhase section */

/* Begin PBXTargetDependency section */
		43B335881950BD60000E7442 /* PBXTargetDependency */ = {
			isa = PBXTargetDependency;
			target = 43B3355D1950BD5F000E7442 /* WCLikeWho */;
			targetProxy = 43B335871950BD60000E7442 /* PBXContainerItemProxy */;
		};
/* End PBXTargetDependency section */

/* Begin PBXVariantGroup section */
		43B3356A1950BD5F000E7442 /* InfoPlist.strings */ = {
			isa = PBXVariantGroup;
			children = (
				43B3356B1950BD5F000E7442 /* en */,
			);
			name = InfoPlist.strings;
			sourceTree = "<group>";
		};
		43B335731950BD5F000E7442 /* Main_iPhone.storyboard */ = {
			isa = PBXVariantGroup;
			children = (
				43B335741950BD5F000E7442 /* Base */,
			);
			name = Main_iPhone.storyboard;
			sourceTree = "<group>";
		};
		43B335761950BD5F000E7442 /* Main_iPad.storyboard */ = {
			isa = PBXVariantGroup;
			children = (
				43B335771950BD5F000E7442 /* Base */,
			);
			name = Main_iPad.storyboard;
			sourceTree = "<group>";
		};
		43B3358C1950BD60000E7442 /* InfoPlist.strings */ = {
			isa = PBXVariantGroup;
			children = (
				43B3358D1950BD60000E7442 /* en */,
			);
			name = InfoPlist.strings;
			sourceTree = "<group>";
		};
/* End PBXVariantGroup section */

/* Begin XCBuildConfiguration section */
		43B335911950BD60000E7442 /* Debug */ = {
			isa = XCBuildConfiguration;
			buildSettings = {
				ALWAYS_SEARCH_USER_PATHS = NO;
				CLANG_CXX_LANGUAGE_STANDARD = "gnu++0x";
				CLANG_CXX_LIBRARY = "libc++";
				CLANG_ENABLE_MODULES = YES;
				CLANG_ENABLE_OBJC_ARC = YES;
				CLANG_WARN_BOOL_CONVERSION = YES;
				CLANG_WARN_CONSTANT_CONVERSION = YES;
				CLANG_WARN_DIRECT_OBJC_ISA_USAGE = YES_ERROR;
				CLANG_WARN_EMPTY_BODY = YES;
				CLANG_WARN_ENUM_CONVERSION = YES;
				CLANG_WARN_INT_CONVERSION = YES;
				CLANG_WARN_OBJC_ROOT_CLASS = YES_ERROR;
				CLANG_WARN__DUPLICATE_METHOD_MATCH = YES;
				"CODE_SIGN_IDENTITY[sdk=iphoneos*]" = "iPhone Developer";
				COPY_PHASE_STRIP = NO;
				GCC_C_LANGUAGE_STANDARD = gnu99;
				GCC_DYNAMIC_NO_PIC = NO;
				GCC_OPTIMIZATION_LEVEL = 0;
				GCC_PREPROCESSOR_DEFINITIONS = (
					"DEBUG=1",
					"$(inherited)",
				);
				GCC_SYMBOLS_PRIVATE_EXTERN = NO;
				GCC_WARN_64_TO_32_BIT_CONVERSION = YES;
				GCC_WARN_ABOUT_RETURN_TYPE = YES_ERROR;
				GCC_WARN_UNDECLARED_SELECTOR = YES;
				GCC_WARN_UNINITIALIZED_AUTOS = YES_AGGRESSIVE;
				GCC_WARN_UNUSED_FUNCTION = YES;
				GCC_WARN_UNUSED_VARIABLE = YES;
				IPHONEOS_DEPLOYMENT_TARGET = 7.1;
				ONLY_ACTIVE_ARCH = YES;
				OTHER_LDFLAGS = "-ObjC";
				SDKROOT = iphoneos;
				TARGETED_DEVICE_FAMILY = "1,2";
			};
			name = Debug;
		};
		43B335921950BD60000E7442 /* Release */ = {
			isa = XCBuildConfiguration;
			buildSettings = {
				ALWAYS_SEARCH_USER_PATHS = NO;
				CLANG_CXX_LANGUAGE_STANDARD = "gnu++0x";
				CLANG_CXX_LIBRARY = "libc++";
				CLANG_ENABLE_MODULES = YES;
				CLANG_ENABLE_OBJC_ARC = YES;
				CLANG_WARN_BOOL_CONVERSION = YES;
				CLANG_WARN_CONSTANT_CONVERSION = YES;
				CLANG_WARN_DIRECT_OBJC_ISA_USAGE = YES_ERROR;
				CLANG_WARN_EMPTY_BODY = YES;
				CLANG_WARN_ENUM_CONVERSION = YES;
				CLANG_WARN_INT_CONVERSION = YES;
				CLANG_WARN_OBJC_ROOT_CLASS = YES_ERROR;
				CLANG_WARN__DUPLICATE_METHOD_MATCH = YES;
				"CODE_SIGN_IDENTITY[sdk=iphoneos*]" = "iPhone Developer";
				COPY_PHASE_STRIP = YES;
				ENABLE_NS_ASSERTIONS = NO;
				GCC_C_LANGUAGE_STANDARD = gnu99;
				GCC_WARN_64_TO_32_BIT_CONVERSION = YES;
				GCC_WARN_ABOUT_RETURN_TYPE = YES_ERROR;
				GCC_WARN_UNDECLARED_SELECTOR = YES;
				GCC_WARN_UNINITIALIZED_AUTOS = YES_AGGRESSIVE;
				GCC_WARN_UNUSED_FUNCTION = YES;
				GCC_WARN_UNUSED_VARIABLE = YES;
				IPHONEOS_DEPLOYMENT_TARGET = 7.1;
				OTHER_LDFLAGS = "-ObjC";
				SDKROOT = iphoneos;
				TARGETED_DEVICE_FAMILY = "1,2";
				VALIDATE_PRODUCT = YES;
			};
			name = Release;
		};
		43B335941950BD60000E7442 /* Debug */ = {
			isa = XCBuildConfiguration;
			buildSettings = {
				ASSETCATALOG_COMPILER_APPICON_NAME = AppIcon;
				ASSETCATALOG_COMPILER_LAUNCHIMAGE_NAME = LaunchImage;
				FRAMEWORK_SEARCH_PATHS = (
					"$(inherited)",
					"$(PROJECT_DIR)/WCLikeWho/libs/FacebookSDK",
				);
				GCC_PRECOMPILE_PREFIX_HEADER = YES;
				GCC_PREFIX_HEADER = "WCLikeWho/WCLikeWho-Prefix.pch";
				INFOPLIST_FILE = "WCLikeWho/WCLikeWho-Info.plist";
				LIBRARY_SEARCH_PATHS = (
					"$(inherited)",
					"$(PROJECT_DIR)/WCLikeWho/libs/GoogleMobileAdsSdkiOS-6.9.2",
				);
				PRODUCT_NAME = "$(TARGET_NAME)";
				WRAPPER_EXTENSION = app;
			};
			name = Debug;
		};
		43B335951950BD60000E7442 /* Release */ = {
			isa = XCBuildConfiguration;
			buildSettings = {
				ASSETCATALOG_COMPILER_APPICON_NAME = AppIcon;
				ASSETCATALOG_COMPILER_LAUNCHIMAGE_NAME = LaunchImage;
				FRAMEWORK_SEARCH_PATHS = (
					"$(inherited)",
					"$(PROJECT_DIR)/WCLikeWho/libs/FacebookSDK",
				);
				GCC_PRECOMPILE_PREFIX_HEADER = YES;
				GCC_PREFIX_HEADER = "WCLikeWho/WCLikeWho-Prefix.pch";
				INFOPLIST_FILE = "WCLikeWho/WCLikeWho-Info.plist";
				LIBRARY_SEARCH_PATHS = (
					"$(inherited)",
					"$(PROJECT_DIR)/WCLikeWho/libs/GoogleMobileAdsSdkiOS-6.9.2",
				);
				PRODUCT_NAME = "$(TARGET_NAME)";
				WRAPPER_EXTENSION = app;
			};
			name = Release;
		};
		43B335971950BD60000E7442 /* Debug */ = {
			isa = XCBuildConfiguration;
			buildSettings = {
				BUNDLE_LOADER = "$(BUILT_PRODUCTS_DIR)/WCLikeWho.app/WCLikeWho";
				FRAMEWORK_SEARCH_PATHS = (
					"$(SDKROOT)/Developer/Library/Frameworks",
					"$(inherited)",
					"$(DEVELOPER_FRAMEWORKS_DIR)",
				);
				GCC_PRECOMPILE_PREFIX_HEADER = YES;
				GCC_PREFIX_HEADER = "WCLikeWho/WCLikeWho-Prefix.pch";
				GCC_PREPROCESSOR_DEFINITIONS = (
					"DEBUG=1",
					"$(inherited)",
				);
				INFOPLIST_FILE = "WCLikeWhoTests/WCLikeWhoTests-Info.plist";
				PRODUCT_NAME = "$(TARGET_NAME)";
				TEST_HOST = "$(BUNDLE_LOADER)";
				WRAPPER_EXTENSION = xctest;
			};
			name = Debug;
		};
		43B335981950BD60000E7442 /* Release */ = {
			isa = XCBuildConfiguration;
			buildSettings = {
				BUNDLE_LOADER = "$(BUILT_PRODUCTS_DIR)/WCLikeWho.app/WCLikeWho";
				FRAMEWORK_SEARCH_PATHS = (
					"$(SDKROOT)/Developer/Library/Frameworks",
					"$(inherited)",
					"$(DEVELOPER_FRAMEWORKS_DIR)",
				);
				GCC_PRECOMPILE_PREFIX_HEADER = YES;
				GCC_PREFIX_HEADER = "WCLikeWho/WCLikeWho-Prefix.pch";
				INFOPLIST_FILE = "WCLikeWhoTests/WCLikeWhoTests-Info.plist";
				PRODUCT_NAME = "$(TARGET_NAME)";
				TEST_HOST = "$(BUNDLE_LOADER)";
				WRAPPER_EXTENSION = xctest;
			};
			name = Release;
		};
/* End XCBuildConfiguration section */

/* Begin XCConfigurationList section */
		43B335591950BD5F000E7442 /* Build configuration list for PBXProject "WCLikeWho" */ = {
			isa = XCConfigurationList;
			buildConfigurations = (
				43B335911950BD60000E7442 /* Debug */,
				43B335921950BD60000E7442 /* Release */,
			);
			defaultConfigurationIsVisible = 0;
			defaultConfigurationName = Release;
		};
		43B335931950BD60000E7442 /* Build configuration list for PBXNativeTarget "WCLikeWho" */ = {
			isa = XCConfigurationList;
			buildConfigurations = (
				43B335941950BD60000E7442 /* Debug */,
				43B335951950BD60000E7442 /* Release */,
			);
			defaultConfigurationIsVisible = 0;
			defaultConfigurationName = Release;
		};
		43B335961950BD60000E7442 /* Build configuration list for PBXNativeTarget "WCLikeWhoTests" */ = {
			isa = XCConfigurationList;
			buildConfigurations = (
				43B335971950BD60000E7442 /* Debug */,
				43B335981950BD60000E7442 /* Release */,
			);
			defaultConfigurationIsVisible = 0;
			defaultConfigurationName = Release;
		};
/* End XCConfigurationList section */
	};
	rootObject = 43B335561950BD5F000E7442 /* Project object */;
}
